// !$*UTF8*$!
{
	archiveVersion = 1;
	classes = {
	};
	objectVersion = 46;
	objects = {

/* Begin PBXBuildFile section */
		2EC1A6321C130AB500AAD97C /* NSString+SAPStringExtentions.m in Sources */ = {isa = PBXBuildFile; fileRef = CAD9F3E31C04B4F400F80248 /* NSString+SAPStringExtentions.m */; settings = {COMPILER_FLAGS = "-fno-objc-arc"; }; };
		2EC1A63B1C13655E00AAD97C /* SAPEnumeratedStringSpec.m in Sources */ = {isa = PBXBuildFile; fileRef = 2EC1A6381C13655E00AAD97C /* SAPEnumeratedStringSpec.m */; };
		2EC1A63C1C13655E00AAD97C /* SAPStringExtentionsSpec.m in Sources */ = {isa = PBXBuildFile; fileRef = 2EC1A6391C13655E00AAD97C /* SAPStringExtentionsSpec.m */; };
		2EC1A6891C13668600AAD97C /* SAPArray.c in Sources */ = {isa = PBXBuildFile; fileRef = 2EC1A6411C13668600AAD97C /* SAPArray.c */; };
		2EC1A68A1C13668600AAD97C /* SAPAutoreleasingStack.c in Sources */ = {isa = PBXBuildFile; fileRef = 2EC1A6451C13668600AAD97C /* SAPAutoreleasingStack.c */; };
		2EC1A68B1C13668600AAD97C /* SAPDynamicArray.c in Sources */ = {isa = PBXBuildFile; fileRef = 2EC1A6481C13668600AAD97C /* SAPDynamicArray.c */; };
		2EC1A68D1C13668600AAD97C /* SAPMamaOrPapa.c in Sources */ = {isa = PBXBuildFile; fileRef = 2EC1A64C1C13668600AAD97C /* SAPMamaOrPapa.c */; };
		2EC1A68E1C13668600AAD97C /* SAPPrintTypeSize.c in Sources */ = {isa = PBXBuildFile; fileRef = 2EC1A64E1C13668600AAD97C /* SAPPrintTypeSize.c */; };
		2EC1A68F1C13668600AAD97C /* SAPBinaryData.c in Sources */ = {isa = PBXBuildFile; fileRef = 2EC1A6531C13668600AAD97C /* SAPBinaryData.c */; };
		2EC1A6901C13668600AAD97C /* SAPHuman.c in Sources */ = {isa = PBXBuildFile; fileRef = 2EC1A6571C13668600AAD97C /* SAPHuman.c */; };
		2EC1A6911C13668600AAD97C /* SAPLinkedListEnumerator.c in Sources */ = {isa = PBXBuildFile; fileRef = 2EC1A65B1C13668600AAD97C /* SAPLinkedListEnumerator.c */; };
		2EC1A6921C13668600AAD97C /* SAPLinkedList.c in Sources */ = {isa = PBXBuildFile; fileRef = 2EC1A65F1C13668600AAD97C /* SAPLinkedList.c */; };
		2EC1A6931C13668600AAD97C /* SAPLinkedListNode.c in Sources */ = {isa = PBXBuildFile; fileRef = 2EC1A6611C13668600AAD97C /* SAPLinkedListNode.c */; };
		2EC1A6941C13668600AAD97C /* SAPObject.c in Sources */ = {isa = PBXBuildFile; fileRef = 2EC1A6661C13668600AAD97C /* SAPObject.c */; };
		2EC1A6951C13668600AAD97C /* SAPString.c in Sources */ = {isa = PBXBuildFile; fileRef = 2EC1A6691C13668600AAD97C /* SAPString.c */; };
		2EC1A6961C13668600AAD97C /* SAPRunFunctionCreateMacros.c in Sources */ = {isa = PBXBuildFile; fileRef = 2EC1A66D1C13668600AAD97C /* SAPRunFunctionCreateMacros.c */; };
		2EC1A6971C13668600AAD97C /* SAPHumanTests.c in Sources */ = {isa = PBXBuildFile; fileRef = 2EC1A6701C13668600AAD97C /* SAPHumanTests.c */; };
		2EC1A6981C13668600AAD97C /* SAPArrayTest.c in Sources */ = {isa = PBXBuildFile; fileRef = 2EC1A6731C13668600AAD97C /* SAPArrayTest.c */; };
		2EC1A6991C13668600AAD97C /* SAPAutoReleasingStackTests.c in Sources */ = {isa = PBXBuildFile; fileRef = 2EC1A6761C13668600AAD97C /* SAPAutoReleasingStackTests.c */; };
		2EC1A69A1C13668600AAD97C /* SAPDynamicArrayTest.c in Sources */ = {isa = PBXBuildFile; fileRef = 2EC1A6791C13668600AAD97C /* SAPDynamicArrayTest.c */; };
		2EC1A69B1C13668600AAD97C /* SAPLesson1Tests.c in Sources */ = {isa = PBXBuildFile; fileRef = 2EC1A67C1C13668600AAD97C /* SAPLesson1Tests.c */; };
		2EC1A69C1C13668600AAD97C /* SAPBinaryTest.c in Sources */ = {isa = PBXBuildFile; fileRef = 2EC1A67F1C13668600AAD97C /* SAPBinaryTest.c */; };
		2EC1A69D1C13668600AAD97C /* SAPStructuresTest.c in Sources */ = {isa = PBXBuildFile; fileRef = 2EC1A6811C13668600AAD97C /* SAPStructuresTest.c */; };
		2EC1A69E1C13668600AAD97C /* SAPLinkedListTest.c in Sources */ = {isa = PBXBuildFile; fileRef = 2EC1A6841C13668600AAD97C /* SAPLinkedListTest.c */; };
		2EC1A69F1C13668600AAD97C /* SAPStringTest.c in Sources */ = {isa = PBXBuildFile; fileRef = 2EC1A6871C13668600AAD97C /* SAPStringTest.c */; };
		2EC1A6A11C13671F00AAD97C /* main.c in Sources */ = {isa = PBXBuildFile; fileRef = 2EC1A6A01C13671F00AAD97C /* main.c */; };
		2EC1A6A31C1369FF00AAD97C /* SAPAlphabetSpec.m in Sources */ = {isa = PBXBuildFile; fileRef = 2EC1A6A21C1369FF00AAD97C /* SAPAlphabetSpec.m */; };
		2EC1A6A41C1C60FF00AAD97C /* SAPEnterprise.m in Sources */ = {isa = PBXBuildFile; fileRef = CA3F28971C16376F0072FC65 /* SAPEnterprise.m */; settings = {COMPILER_FLAGS = "-fno-objc-arc"; }; };
		9F3F6D4F1C08CA670051F3C6 /* SAPStringExtentionsTests.m in Sources */ = {isa = PBXBuildFile; fileRef = 9F3F6D4E1C08CA670051F3C6 /* SAPStringExtentionsTests.m */; };
		CA3F28981C16376F0072FC65 /* SAPEnterprise.m in Sources */ = {isa = PBXBuildFile; fileRef = CA3F28971C16376F0072FC65 /* SAPEnterprise.m */; };
		CA3F289A1C1640670072FC65 /* SAPCarWashSpec.m in Sources */ = {isa = PBXBuildFile; fileRef = CA3F28991C1640670072FC65 /* SAPCarWashSpec.m */; };
		CA3F28A11C1657BF0072FC65 /* SAPItemsContainer.m in Sources */ = {isa = PBXBuildFile; fileRef = CA3F28A01C1657BF0072FC65 /* SAPItemsContainer.m */; };
		CA3F28A91C19D5120072FC65 /* SAPObservableObject.m in Sources */ = {isa = PBXBuildFile; fileRef = CA3F28A81C19D5120072FC65 /* SAPObservableObject.m */; };
		CA3F28AD1C1AC5B20072FC65 /* SAPReference.m in Sources */ = {isa = PBXBuildFile; fileRef = CA3F28AC1C1AC5B20072FC65 /* SAPReference.m */; };
		CA3F28B31C1AD1D50072FC65 /* SAPObservableObjectSpec.m in Sources */ = {isa = PBXBuildFile; fileRef = CA3F28B21C1AD1D50072FC65 /* SAPObservableObjectSpec.m */; };
		CA3F28B41C1ADBBA0072FC65 /* SAPObservableObject.m in Sources */ = {isa = PBXBuildFile; fileRef = CA3F28A81C19D5120072FC65 /* SAPObservableObject.m */; settings = {COMPILER_FLAGS = "-fno-objc-arc"; }; };
		CA3F28B61C1AF3360072FC65 /* SAPItemsContainer.m in Sources */ = {isa = PBXBuildFile; fileRef = CA3F28A01C1657BF0072FC65 /* SAPItemsContainer.m */; settings = {COMPILER_FLAGS = "-fno-objc-arc"; }; };
		CA3F28B81C1AF3DA0072FC65 /* SAPReference.m in Sources */ = {isa = PBXBuildFile; fileRef = CA3F28AC1C1AC5B20072FC65 /* SAPReference.m */; settings = {COMPILER_FLAGS = "-fno-objc-arc"; }; };
		CA3F28BC1C213DC20072FC65 /* SAPAssignReference.m in Sources */ = {isa = PBXBuildFile; fileRef = CA3F28BB1C213DC20072FC65 /* SAPAssignReference.m */; settings = {ASSET_TAGS = (); }; };
		CA3F28BD1C213DC20072FC65 /* SAPAssignReference.m in Sources */ = {isa = PBXBuildFile; fileRef = CA3F28BB1C213DC20072FC65 /* SAPAssignReference.m */; settings = {ASSET_TAGS = (); }; };
		CA3F28C61C21506F0072FC65 /* NSObject+SAPObject.m in Sources */ = {isa = PBXBuildFile; fileRef = CA3F28C51C21506F0072FC65 /* NSObject+SAPObject.m */; settings = {ASSET_TAGS = (); }; };
		CA3F28C71C21506F0072FC65 /* NSObject+SAPObject.m in Sources */ = {isa = PBXBuildFile; fileRef = CA3F28C51C21506F0072FC65 /* NSObject+SAPObject.m */; settings = {ASSET_TAGS = (); }; };
		CA4A33CF1C2DD37200460A57 /* SAPCarsGenerator.m in Sources */ = {isa = PBXBuildFile; fileRef = CA4A33CE1C2DD37200460A57 /* SAPCarsGenerator.m */; settings = {ASSET_TAGS = (); }; };
		CAA266991BF48E1000F4FF84 /* SAPAutoReleasingStack in Sources */ = {isa = PBXBuildFile; fileRef = CAA266971BF48E1000F4FF84 /* SAPAutoReleasingStack */; };
		CAD0E77D1BFCB72900B5DCA9 /* main.m in Sources */ = {isa = PBXBuildFile; fileRef = CAD0E77C1BFCB72900B5DCA9 /* main.m */; };
		CAD0E7871BFCC4CB00B5DCA9 /* SAPCreature.m in Sources */ = {isa = PBXBuildFile; fileRef = CAD0E7861BFCC4CB00B5DCA9 /* SAPCreature.m */; };
		CAD0E78A1BFDC77400B5DCA9 /* SAPCreatureTests.m in Sources */ = {isa = PBXBuildFile; fileRef = CAD0E7891BFDC77400B5DCA9 /* SAPCreatureTests.m */; };
		CAD184231C08B53F00A97F55 /* SAPEnumeratedString.m in Sources */ = {isa = PBXBuildFile; fileRef = CAD184221C08B53F00A97F55 /* SAPEnumeratedString.m */; };
		CAD184241C08B53F00A97F55 /* SAPEnumeratedString.m in Sources */ = {isa = PBXBuildFile; fileRef = CAD184221C08B53F00A97F55 /* SAPEnumeratedString.m */; settings = {COMPILER_FLAGS = "-fno-objc-arc"; }; };
		CAD184431C0CA63100A97F55 /* SAPCar.m in Sources */ = {isa = PBXBuildFile; fileRef = CAD184421C0CA63100A97F55 /* SAPCar.m */; };
		CAD184441C0CA63100A97F55 /* SAPCar.m in Sources */ = {isa = PBXBuildFile; fileRef = CAD184421C0CA63100A97F55 /* SAPCar.m */; settings = {COMPILER_FLAGS = "-fno-objc-arc"; }; };
		CAD184471C0CA64900A97F55 /* SAPWorker.m in Sources */ = {isa = PBXBuildFile; fileRef = CAD184461C0CA64900A97F55 /* SAPWorker.m */; };
		CAD184481C0CA64900A97F55 /* SAPWorker.m in Sources */ = {isa = PBXBuildFile; fileRef = CAD184461C0CA64900A97F55 /* SAPWorker.m */; settings = {COMPILER_FLAGS = "-fno-objc-arc"; }; };
		CAD1844B1C0CA67C00A97F55 /* SAPAccountant.m in Sources */ = {isa = PBXBuildFile; fileRef = CAD1844A1C0CA67C00A97F55 /* SAPAccountant.m */; };
		CAD1844C1C0CA67C00A97F55 /* SAPAccountant.m in Sources */ = {isa = PBXBuildFile; fileRef = CAD1844A1C0CA67C00A97F55 /* SAPAccountant.m */; settings = {COMPILER_FLAGS = "-fno-objc-arc"; }; };
		CAD1844F1C0CA68E00A97F55 /* SAPBoss.m in Sources */ = {isa = PBXBuildFile; fileRef = CAD1844E1C0CA68E00A97F55 /* SAPBoss.m */; };
		CAD184501C0CA68E00A97F55 /* SAPBoss.m in Sources */ = {isa = PBXBuildFile; fileRef = CAD1844E1C0CA68E00A97F55 /* SAPBoss.m */; settings = {COMPILER_FLAGS = "-fno-objc-arc"; }; };
		CAD184531C0CA6FA00A97F55 /* SAPWasher.m in Sources */ = {isa = PBXBuildFile; fileRef = CAD184521C0CA6FA00A97F55 /* SAPWasher.m */; };
		CAD184541C0CA6FA00A97F55 /* SAPWasher.m in Sources */ = {isa = PBXBuildFile; fileRef = CAD184521C0CA6FA00A97F55 /* SAPWasher.m */; settings = {COMPILER_FLAGS = "-fno-objc-arc"; }; };
		CAD9F3D71BFE27B900F80248 /* SAPMan.m in Sources */ = {isa = PBXBuildFile; fileRef = CAD9F3D61BFE27B900F80248 /* SAPMan.m */; };
		CAD9F3DA1BFE27CB00F80248 /* SAPWoman.m in Sources */ = {isa = PBXBuildFile; fileRef = CAD9F3D91BFE27CB00F80248 /* SAPWoman.m */; };
		CAD9F3E41C04B4F400F80248 /* NSString+SAPStringExtentions.m in Sources */ = {isa = PBXBuildFile; fileRef = CAD9F3E31C04B4F400F80248 /* NSString+SAPStringExtentions.m */; };
		CADDCD421C11F0DA003F56CC /* SAPAlphabet.m in Sources */ = {isa = PBXBuildFile; fileRef = CADDCD3B1C11F0DA003F56CC /* SAPAlphabet.m */; };
		CADDCD431C11F0DA003F56CC /* SAPArrayAlphabet.m in Sources */ = {isa = PBXBuildFile; fileRef = CADDCD3D1C11F0DA003F56CC /* SAPArrayAlphabet.m */; };
		CADDCD441C11F0DA003F56CC /* SAPStringAlphabet.m in Sources */ = {isa = PBXBuildFile; fileRef = CADDCD3F1C11F0DA003F56CC /* SAPStringAlphabet.m */; };
		CADDCD451C11F0DA003F56CC /* SAPUnicodeRangeAlphabet.m in Sources */ = {isa = PBXBuildFile; fileRef = CADDCD411C11F0DA003F56CC /* SAPUnicodeRangeAlphabet.m */; };
		CADDCD461C15B367003F56CC /* SAPAlphabet.m in Sources */ = {isa = PBXBuildFile; fileRef = CADDCD3B1C11F0DA003F56CC /* SAPAlphabet.m */; settings = {COMPILER_FLAGS = "-fno-objc-arc"; }; };
		CADDCD481C15B4CC003F56CC /* SAPArrayAlphabet.m in Sources */ = {isa = PBXBuildFile; fileRef = CADDCD3D1C11F0DA003F56CC /* SAPArrayAlphabet.m */; settings = {COMPILER_FLAGS = "-fno-objc-arc"; }; };
		CADDCD4A1C15B4CC003F56CC /* SAPStringAlphabet.m in Sources */ = {isa = PBXBuildFile; fileRef = CADDCD3F1C11F0DA003F56CC /* SAPStringAlphabet.m */; settings = {COMPILER_FLAGS = "-fno-objc-arc"; }; };
		CADDCD4C1C15B4CC003F56CC /* SAPUnicodeRangeAlphabet.m in Sources */ = {isa = PBXBuildFile; fileRef = CADDCD411C11F0DA003F56CC /* SAPUnicodeRangeAlphabet.m */; settings = {COMPILER_FLAGS = "-fno-objc-arc"; }; };
		CADDCD4F1C15B54D003F56CC /* SAPStringExtentionsTests.m in Sources */ = {isa = PBXBuildFile; fileRef = CADDCD4E1C15B54D003F56CC /* SAPStringExtentionsTests.m */; };
/* End PBXBuildFile section */

/* Begin PBXCopyFilesBuildPhase section */
		CAD0E7781BFCB72900B5DCA9 /* CopyFiles */ = {
			isa = PBXCopyFilesBuildPhase;
			buildActionMask = 2147483647;
			dstPath = /usr/share/man/man1/;
			dstSubfolderSpec = 0;
			files = (
			);
			runOnlyForDeploymentPostprocessing = 1;
		};
		EC96D86A1BA83CD1008C8F6F /* CopyFiles */ = {
			isa = PBXCopyFilesBuildPhase;
			buildActionMask = 2147483647;
			dstPath = /usr/share/man/man1/;
			dstSubfolderSpec = 0;
			files = (
			);
			runOnlyForDeploymentPostprocessing = 1;
		};
/* End PBXCopyFilesBuildPhase section */

/* Begin PBXFileReference section */
		2E9F65111C010554008A6F62 /* Info.plist */ = {isa = PBXFileReference; lastKnownFileType = text.plist.xml; path = Info.plist; sourceTree = "<group>"; };
		2EC1A6381C13655E00AAD97C /* SAPEnumeratedStringSpec.m */ = {isa = PBXFileReference; fileEncoding = 4; lastKnownFileType = sourcecode.c.objc; path = SAPEnumeratedStringSpec.m; sourceTree = "<group>"; };
		2EC1A6391C13655E00AAD97C /* SAPStringExtentionsSpec.m */ = {isa = PBXFileReference; fileEncoding = 4; lastKnownFileType = sourcecode.c.objc; path = SAPStringExtentionsSpec.m; sourceTree = "<group>"; };
		2EC1A6411C13668600AAD97C /* SAPArray.c */ = {isa = PBXFileReference; fileEncoding = 4; lastKnownFileType = sourcecode.c.c; path = SAPArray.c; sourceTree = "<group>"; };
		2EC1A6421C13668600AAD97C /* SAPArray.h */ = {isa = PBXFileReference; fileEncoding = 4; lastKnownFileType = sourcecode.c.h; path = SAPArray.h; sourceTree = "<group>"; };
		2EC1A6451C13668600AAD97C /* SAPAutoreleasingStack.c */ = {isa = PBXFileReference; fileEncoding = 4; lastKnownFileType = sourcecode.c.c; path = SAPAutoreleasingStack.c; sourceTree = "<group>"; };
		2EC1A6461C13668600AAD97C /* SAPAutoreleasingStack.h */ = {isa = PBXFileReference; fileEncoding = 4; lastKnownFileType = sourcecode.c.h; path = SAPAutoreleasingStack.h; sourceTree = "<group>"; };
		2EC1A6481C13668600AAD97C /* SAPDynamicArray.c */ = {isa = PBXFileReference; fileEncoding = 4; lastKnownFileType = sourcecode.c.c; path = SAPDynamicArray.c; sourceTree = "<group>"; };
		2EC1A6491C13668600AAD97C /* SAPDynamicArray.h */ = {isa = PBXFileReference; fileEncoding = 4; lastKnownFileType = sourcecode.c.h; path = SAPDynamicArray.h; sourceTree = "<group>"; };
		2EC1A64C1C13668600AAD97C /* SAPMamaOrPapa.c */ = {isa = PBXFileReference; fileEncoding = 4; lastKnownFileType = sourcecode.c.c; path = SAPMamaOrPapa.c; sourceTree = "<group>"; };
		2EC1A64D1C13668600AAD97C /* SAPMamaOrPapa.h */ = {isa = PBXFileReference; fileEncoding = 4; lastKnownFileType = sourcecode.c.h; path = SAPMamaOrPapa.h; sourceTree = "<group>"; };
		2EC1A64E1C13668600AAD97C /* SAPPrintTypeSize.c */ = {isa = PBXFileReference; fileEncoding = 4; lastKnownFileType = sourcecode.c.c; path = SAPPrintTypeSize.c; sourceTree = "<group>"; };
		2EC1A64F1C13668600AAD97C /* SAPPrintTypeSize.h */ = {isa = PBXFileReference; fileEncoding = 4; lastKnownFileType = sourcecode.c.h; path = SAPPrintTypeSize.h; sourceTree = "<group>"; };
		2EC1A6511C13668600AAD97C /* SAPFunctionCreationMacros.h */ = {isa = PBXFileReference; fileEncoding = 4; lastKnownFileType = sourcecode.c.h; path = SAPFunctionCreationMacros.h; sourceTree = "<group>"; };
		2EC1A6531C13668600AAD97C /* SAPBinaryData.c */ = {isa = PBXFileReference; fileEncoding = 4; lastKnownFileType = sourcecode.c.c; path = SAPBinaryData.c; sourceTree = "<group>"; };
		2EC1A6541C13668600AAD97C /* SAPBinaryData.h */ = {isa = PBXFileReference; fileEncoding = 4; lastKnownFileType = sourcecode.c.h; path = SAPBinaryData.h; sourceTree = "<group>"; };
		2EC1A6551C13668600AAD97C /* SAPStructures.h */ = {isa = PBXFileReference; fileEncoding = 4; lastKnownFileType = sourcecode.c.h; path = SAPStructures.h; sourceTree = "<group>"; };
		2EC1A6571C13668600AAD97C /* SAPHuman.c */ = {isa = PBXFileReference; fileEncoding = 4; lastKnownFileType = sourcecode.c.c; path = SAPHuman.c; sourceTree = "<group>"; };
		2EC1A6581C13668600AAD97C /* SAPHuman.h */ = {isa = PBXFileReference; fileEncoding = 4; lastKnownFileType = sourcecode.c.h; path = SAPHuman.h; sourceTree = "<group>"; };
		2EC1A65B1C13668600AAD97C /* SAPLinkedListEnumerator.c */ = {isa = PBXFileReference; fileEncoding = 4; lastKnownFileType = sourcecode.c.c; path = SAPLinkedListEnumerator.c; sourceTree = "<group>"; };
		2EC1A65C1C13668600AAD97C /* SAPLinkedListEnumerator.h */ = {isa = PBXFileReference; fileEncoding = 4; lastKnownFileType = sourcecode.c.h; path = SAPLinkedListEnumerator.h; sourceTree = "<group>"; };
		2EC1A65D1C13668600AAD97C /* SAPLinkedListEnumeratorPrivate.h */ = {isa = PBXFileReference; fileEncoding = 4; lastKnownFileType = sourcecode.c.h; path = SAPLinkedListEnumeratorPrivate.h; sourceTree = "<group>"; };
		2EC1A65F1C13668600AAD97C /* SAPLinkedList.c */ = {isa = PBXFileReference; fileEncoding = 4; lastKnownFileType = sourcecode.c.c; path = SAPLinkedList.c; sourceTree = "<group>"; };
		2EC1A6601C13668600AAD97C /* SAPLinkedList.h */ = {isa = PBXFileReference; fileEncoding = 4; lastKnownFileType = sourcecode.c.h; path = SAPLinkedList.h; sourceTree = "<group>"; };
		2EC1A6611C13668600AAD97C /* SAPLinkedListNode.c */ = {isa = PBXFileReference; fileEncoding = 4; lastKnownFileType = sourcecode.c.c; path = SAPLinkedListNode.c; sourceTree = "<group>"; };
		2EC1A6621C13668600AAD97C /* SAPLinkedListNode.h */ = {isa = PBXFileReference; fileEncoding = 4; lastKnownFileType = sourcecode.c.h; path = SAPLinkedListNode.h; sourceTree = "<group>"; };
		2EC1A6631C13668600AAD97C /* SAPLinkedListPrivate.h */ = {isa = PBXFileReference; fileEncoding = 4; lastKnownFileType = sourcecode.c.h; path = SAPLinkedListPrivate.h; sourceTree = "<group>"; };
		2EC1A6641C13668600AAD97C /* SAPMacro.h */ = {isa = PBXFileReference; fileEncoding = 4; lastKnownFileType = sourcecode.c.h; path = SAPMacro.h; sourceTree = "<group>"; };
		2EC1A6661C13668600AAD97C /* SAPObject.c */ = {isa = PBXFileReference; fileEncoding = 4; lastKnownFileType = sourcecode.c.c; path = SAPObject.c; sourceTree = "<group>"; };
		2EC1A6671C13668600AAD97C /* SAPObject.h */ = {isa = PBXFileReference; fileEncoding = 4; lastKnownFileType = sourcecode.c.h; path = SAPObject.h; sourceTree = "<group>"; };
		2EC1A6691C13668600AAD97C /* SAPString.c */ = {isa = PBXFileReference; fileEncoding = 4; lastKnownFileType = sourcecode.c.c; path = SAPString.c; sourceTree = "<group>"; };
		2EC1A66A1C13668600AAD97C /* SAPString.h */ = {isa = PBXFileReference; fileEncoding = 4; lastKnownFileType = sourcecode.c.h; path = SAPString.h; sourceTree = "<group>"; };
		2EC1A66D1C13668600AAD97C /* SAPRunFunctionCreateMacros.c */ = {isa = PBXFileReference; fileEncoding = 4; lastKnownFileType = sourcecode.c.c; path = SAPRunFunctionCreateMacros.c; sourceTree = "<group>"; };
		2EC1A66E1C13668600AAD97C /* SAPRunFunctionCreateMacros.h */ = {isa = PBXFileReference; fileEncoding = 4; lastKnownFileType = sourcecode.c.h; path = SAPRunFunctionCreateMacros.h; sourceTree = "<group>"; };
		2EC1A6701C13668600AAD97C /* SAPHumanTests.c */ = {isa = PBXFileReference; fileEncoding = 4; lastKnownFileType = sourcecode.c.c; path = SAPHumanTests.c; sourceTree = "<group>"; };
		2EC1A6711C13668600AAD97C /* SAPHumanTests.h */ = {isa = PBXFileReference; fileEncoding = 4; lastKnownFileType = sourcecode.c.h; path = SAPHumanTests.h; sourceTree = "<group>"; };
		2EC1A6731C13668600AAD97C /* SAPArrayTest.c */ = {isa = PBXFileReference; fileEncoding = 4; lastKnownFileType = sourcecode.c.c; path = SAPArrayTest.c; sourceTree = "<group>"; };
		2EC1A6741C13668600AAD97C /* SAPArrayTest.h */ = {isa = PBXFileReference; fileEncoding = 4; lastKnownFileType = sourcecode.c.h; path = SAPArrayTest.h; sourceTree = "<group>"; };
		2EC1A6761C13668600AAD97C /* SAPAutoReleasingStackTests.c */ = {isa = PBXFileReference; fileEncoding = 4; lastKnownFileType = sourcecode.c.c; path = SAPAutoReleasingStackTests.c; sourceTree = "<group>"; };
		2EC1A6771C13668600AAD97C /* SAPAutoReleasingStackTests.h */ = {isa = PBXFileReference; fileEncoding = 4; lastKnownFileType = sourcecode.c.h; path = SAPAutoReleasingStackTests.h; sourceTree = "<group>"; };
		2EC1A6791C13668600AAD97C /* SAPDynamicArrayTest.c */ = {isa = PBXFileReference; fileEncoding = 4; lastKnownFileType = sourcecode.c.c; path = SAPDynamicArrayTest.c; sourceTree = "<group>"; };
		2EC1A67A1C13668600AAD97C /* SAPDynamicArrayTest.h */ = {isa = PBXFileReference; fileEncoding = 4; lastKnownFileType = sourcecode.c.h; path = SAPDynamicArrayTest.h; sourceTree = "<group>"; };
		2EC1A67C1C13668600AAD97C /* SAPLesson1Tests.c */ = {isa = PBXFileReference; fileEncoding = 4; lastKnownFileType = sourcecode.c.c; path = SAPLesson1Tests.c; sourceTree = "<group>"; };
		2EC1A67D1C13668600AAD97C /* SAPLesson1Tests.h */ = {isa = PBXFileReference; fileEncoding = 4; lastKnownFileType = sourcecode.c.h; path = SAPLesson1Tests.h; sourceTree = "<group>"; };
		2EC1A67F1C13668600AAD97C /* SAPBinaryTest.c */ = {isa = PBXFileReference; fileEncoding = 4; lastKnownFileType = sourcecode.c.c; path = SAPBinaryTest.c; sourceTree = "<group>"; };
		2EC1A6801C13668600AAD97C /* SAPBinaryTest.h */ = {isa = PBXFileReference; fileEncoding = 4; lastKnownFileType = sourcecode.c.h; path = SAPBinaryTest.h; sourceTree = "<group>"; };
		2EC1A6811C13668600AAD97C /* SAPStructuresTest.c */ = {isa = PBXFileReference; fileEncoding = 4; lastKnownFileType = sourcecode.c.c; path = SAPStructuresTest.c; sourceTree = "<group>"; };
		2EC1A6821C13668600AAD97C /* SAPStructuresTest.h */ = {isa = PBXFileReference; fileEncoding = 4; lastKnownFileType = sourcecode.c.h; path = SAPStructuresTest.h; sourceTree = "<group>"; };
		2EC1A6841C13668600AAD97C /* SAPLinkedListTest.c */ = {isa = PBXFileReference; fileEncoding = 4; lastKnownFileType = sourcecode.c.c; path = SAPLinkedListTest.c; sourceTree = "<group>"; };
		2EC1A6851C13668600AAD97C /* SAPLinkedListTest.h */ = {isa = PBXFileReference; fileEncoding = 4; lastKnownFileType = sourcecode.c.h; path = SAPLinkedListTest.h; sourceTree = "<group>"; };
		2EC1A6871C13668600AAD97C /* SAPStringTest.c */ = {isa = PBXFileReference; fileEncoding = 4; lastKnownFileType = sourcecode.c.c; path = SAPStringTest.c; sourceTree = "<group>"; };
		2EC1A6881C13668600AAD97C /* SAPStringTest.h */ = {isa = PBXFileReference; fileEncoding = 4; lastKnownFileType = sourcecode.c.h; path = SAPStringTest.h; sourceTree = "<group>"; };
		2EC1A6A01C13671F00AAD97C /* main.c */ = {isa = PBXFileReference; fileEncoding = 4; lastKnownFileType = sourcecode.c.c; name = main.c; path = C/main.c; sourceTree = SOURCE_ROOT; };
		2EC1A6A21C1369FF00AAD97C /* SAPAlphabetSpec.m */ = {isa = PBXFileReference; fileEncoding = 4; lastKnownFileType = sourcecode.c.objc; path = SAPAlphabetSpec.m; sourceTree = "<group>"; };
		4BAE36DFC0D1E388370CD0C8 /* Pods-ObjectiveCTests.debug.xcconfig */ = {isa = PBXFileReference; includeInIndex = 1; lastKnownFileType = text.xcconfig; name = "Pods-ObjectiveCTests.debug.xcconfig"; path = "Pods/Target Support Files/Pods-ObjectiveCTests/Pods-ObjectiveCTests.debug.xcconfig"; sourceTree = "<group>"; };
		9F3F6D4D1C08CA670051F3C6 /* SAPStringExtentionsTests.h */ = {isa = PBXFileReference; fileEncoding = 4; lastKnownFileType = sourcecode.c.h; path = SAPStringExtentionsTests.h; sourceTree = "<group>"; };
		9F3F6D4E1C08CA670051F3C6 /* SAPStringExtentionsTests.m */ = {isa = PBXFileReference; fileEncoding = 4; lastKnownFileType = sourcecode.c.objc; path = SAPStringExtentionsTests.m; sourceTree = "<group>"; };
		BA34D1535D964D52C8439061 /* Pods-ObjectiveCTests.release.xcconfig */ = {isa = PBXFileReference; includeInIndex = 1; lastKnownFileType = text.xcconfig; name = "Pods-ObjectiveCTests.release.xcconfig"; path = "Pods/Target Support Files/Pods-ObjectiveCTests/Pods-ObjectiveCTests.release.xcconfig"; sourceTree = "<group>"; };
		CA3F28961C16376F0072FC65 /* SAPEnterprise.h */ = {isa = PBXFileReference; fileEncoding = 4; lastKnownFileType = sourcecode.c.h; path = SAPEnterprise.h; sourceTree = "<group>"; };
		CA3F28971C16376F0072FC65 /* SAPEnterprise.m */ = {isa = PBXFileReference; fileEncoding = 4; lastKnownFileType = sourcecode.c.objc; path = SAPEnterprise.m; sourceTree = "<group>"; };
		CA3F28991C1640670072FC65 /* SAPCarWashSpec.m */ = {isa = PBXFileReference; fileEncoding = 4; lastKnownFileType = sourcecode.c.objc; path = SAPCarWashSpec.m; sourceTree = "<group>"; };
		CA3F289F1C1657BF0072FC65 /* SAPItemsContainer.h */ = {isa = PBXFileReference; fileEncoding = 4; lastKnownFileType = sourcecode.c.h; path = SAPItemsContainer.h; sourceTree = "<group>"; };
		CA3F28A01C1657BF0072FC65 /* SAPItemsContainer.m */ = {isa = PBXFileReference; fileEncoding = 4; lastKnownFileType = sourcecode.c.objc; path = SAPItemsContainer.m; sourceTree = "<group>"; };
		CA3F28A21C1821650072FC65 /* SAPMoneyTransfer.h */ = {isa = PBXFileReference; fileEncoding = 4; lastKnownFileType = sourcecode.c.h; name = SAPMoneyTransfer.h; path = ObjectiveC/sources/SAPCarWash/SAPMoneyTransfer.h; sourceTree = SOURCE_ROOT; };
		CA3F28A71C19D5120072FC65 /* SAPObservableObject.h */ = {isa = PBXFileReference; fileEncoding = 4; lastKnownFileType = sourcecode.c.h; path = SAPObservableObject.h; sourceTree = "<group>"; };
		CA3F28A81C19D5120072FC65 /* SAPObservableObject.m */ = {isa = PBXFileReference; fileEncoding = 4; lastKnownFileType = sourcecode.c.objc; path = SAPObservableObject.m; sourceTree = "<group>"; };
		CA3F28AB1C1AC5B20072FC65 /* SAPReference.h */ = {isa = PBXFileReference; fileEncoding = 4; lastKnownFileType = sourcecode.c.h; path = SAPReference.h; sourceTree = "<group>"; };
		CA3F28AC1C1AC5B20072FC65 /* SAPReference.m */ = {isa = PBXFileReference; fileEncoding = 4; lastKnownFileType = sourcecode.c.objc; path = SAPReference.m; sourceTree = "<group>"; };
		CA3F28B21C1AD1D50072FC65 /* SAPObservableObjectSpec.m */ = {isa = PBXFileReference; fileEncoding = 4; lastKnownFileType = sourcecode.c.objc; path = SAPObservableObjectSpec.m; sourceTree = "<group>"; };
		CA3F28BA1C213DC20072FC65 /* SAPAssignReference.h */ = {isa = PBXFileReference; fileEncoding = 4; lastKnownFileType = sourcecode.c.h; path = SAPAssignReference.h; sourceTree = "<group>"; };
		CA3F28BB1C213DC20072FC65 /* SAPAssignReference.m */ = {isa = PBXFileReference; fileEncoding = 4; lastKnownFileType = sourcecode.c.objc; path = SAPAssignReference.m; sourceTree = "<group>"; };
		CA3F28C41C21506F0072FC65 /* NSObject+SAPObject.h */ = {isa = PBXFileReference; fileEncoding = 4; lastKnownFileType = sourcecode.c.h; path = "NSObject+SAPObject.h"; sourceTree = "<group>"; };
		CA3F28C51C21506F0072FC65 /* NSObject+SAPObject.m */ = {isa = PBXFileReference; fileEncoding = 4; lastKnownFileType = sourcecode.c.objc; path = "NSObject+SAPObject.m"; sourceTree = "<group>"; };
		CA4A33CC1C2DAAB600460A57 /* SAPWorkerObservingProtocol.h */ = {isa = PBXFileReference; fileEncoding = 4; lastKnownFileType = sourcecode.c.h; name = SAPWorkerObservingProtocol.h; path = SAPWorker/SAPWorkerObservingProtocol.h; sourceTree = "<group>"; };
		CA4A33CD1C2DD37200460A57 /* SAPCarsGenerator.h */ = {isa = PBXFileReference; fileEncoding = 4; lastKnownFileType = sourcecode.c.h; path = SAPCarsGenerator.h; sourceTree = "<group>"; };
		CA4A33CE1C2DD37200460A57 /* SAPCarsGenerator.m */ = {isa = PBXFileReference; fileEncoding = 4; lastKnownFileType = sourcecode.c.objc; path = SAPCarsGenerator.m; sourceTree = "<group>"; };
		CA713CEB1C3C195100FF21DC /* ObjectiveCTests.xctest */ = {isa = PBXFileReference; explicitFileType = wrapper.cfbundle; includeInIndex = 0; name = ObjectiveCTests.xctest; path = /Users/yosemiteretail/IDAP_College_Project/MacCourse/build/Debug/ObjectiveCTests.xctest; sourceTree = "<absolute>"; };
		CAA266971BF48E1000F4FF84 /* SAPAutoReleasingStack */ = {isa = PBXFileReference; fileEncoding = 4; lastKnownFileType = folder; name = SAPAutoReleasingStack; path = /Users/yosemiteretail/IDAP_CollegeRepo/MacCourse/SAPMacCourse/tests/SAPAutoReleasingStack; sourceTree = "<absolute>"; };
		CAD0E77C1BFCB72900B5DCA9 /* main.m */ = {isa = PBXFileReference; lastKnownFileType = sourcecode.c.objc; path = main.m; sourceTree = "<group>"; };
		CAD0E7851BFCC4CB00B5DCA9 /* SAPCreature.h */ = {isa = PBXFileReference; fileEncoding = 4; lastKnownFileType = sourcecode.c.h; path = SAPCreature.h; sourceTree = "<group>"; };
		CAD0E7861BFCC4CB00B5DCA9 /* SAPCreature.m */ = {isa = PBXFileReference; fileEncoding = 4; lastKnownFileType = sourcecode.c.objc; path = SAPCreature.m; sourceTree = "<group>"; };
		CAD0E7881BFDC77400B5DCA9 /* SAPCreatureTests.h */ = {isa = PBXFileReference; fileEncoding = 4; lastKnownFileType = sourcecode.c.h; path = SAPCreatureTests.h; sourceTree = "<group>"; };
		CAD0E7891BFDC77400B5DCA9 /* SAPCreatureTests.m */ = {isa = PBXFileReference; fileEncoding = 4; lastKnownFileType = sourcecode.c.objc; path = SAPCreatureTests.m; sourceTree = "<group>"; };
		CAD184211C08B53F00A97F55 /* SAPEnumeratedString.h */ = {isa = PBXFileReference; fileEncoding = 4; lastKnownFileType = sourcecode.c.h; path = SAPEnumeratedString.h; sourceTree = "<group>"; };
		CAD184221C08B53F00A97F55 /* SAPEnumeratedString.m */ = {isa = PBXFileReference; fileEncoding = 4; lastKnownFileType = sourcecode.c.objc; path = SAPEnumeratedString.m; sourceTree = "<group>"; };
		CAD184411C0CA63100A97F55 /* SAPCar.h */ = {isa = PBXFileReference; fileEncoding = 4; lastKnownFileType = sourcecode.c.h; path = SAPCar.h; sourceTree = "<group>"; };
		CAD184421C0CA63100A97F55 /* SAPCar.m */ = {isa = PBXFileReference; fileEncoding = 4; lastKnownFileType = sourcecode.c.objc; path = SAPCar.m; sourceTree = "<group>"; };
		CAD184451C0CA64900A97F55 /* SAPWorker.h */ = {isa = PBXFileReference; fileEncoding = 4; lastKnownFileType = sourcecode.c.h; path = SAPWorker.h; sourceTree = "<group>"; };
		CAD184461C0CA64900A97F55 /* SAPWorker.m */ = {isa = PBXFileReference; fileEncoding = 4; lastKnownFileType = sourcecode.c.objc; path = SAPWorker.m; sourceTree = "<group>"; };
		CAD184491C0CA67C00A97F55 /* SAPAccountant.h */ = {isa = PBXFileReference; fileEncoding = 4; lastKnownFileType = sourcecode.c.h; path = SAPAccountant.h; sourceTree = "<group>"; };
		CAD1844A1C0CA67C00A97F55 /* SAPAccountant.m */ = {isa = PBXFileReference; fileEncoding = 4; lastKnownFileType = sourcecode.c.objc; path = SAPAccountant.m; sourceTree = "<group>"; };
		CAD1844D1C0CA68E00A97F55 /* SAPBoss.h */ = {isa = PBXFileReference; fileEncoding = 4; lastKnownFileType = sourcecode.c.h; path = SAPBoss.h; sourceTree = "<group>"; };
		CAD1844E1C0CA68E00A97F55 /* SAPBoss.m */ = {isa = PBXFileReference; fileEncoding = 4; lastKnownFileType = sourcecode.c.objc; path = SAPBoss.m; sourceTree = "<group>"; };
		CAD184511C0CA6FA00A97F55 /* SAPWasher.h */ = {isa = PBXFileReference; fileEncoding = 4; lastKnownFileType = sourcecode.c.h; path = SAPWasher.h; sourceTree = "<group>"; };
		CAD184521C0CA6FA00A97F55 /* SAPWasher.m */ = {isa = PBXFileReference; fileEncoding = 4; lastKnownFileType = sourcecode.c.objc; path = SAPWasher.m; sourceTree = "<group>"; };
		CAD9F3D51BFE27B900F80248 /* SAPMan.h */ = {isa = PBXFileReference; fileEncoding = 4; lastKnownFileType = sourcecode.c.h; path = SAPMan.h; sourceTree = "<group>"; };
		CAD9F3D61BFE27B900F80248 /* SAPMan.m */ = {isa = PBXFileReference; fileEncoding = 4; lastKnownFileType = sourcecode.c.objc; path = SAPMan.m; sourceTree = "<group>"; };
		CAD9F3D81BFE27CB00F80248 /* SAPWoman.h */ = {isa = PBXFileReference; fileEncoding = 4; lastKnownFileType = sourcecode.c.h; path = SAPWoman.h; sourceTree = "<group>"; };
		CAD9F3D91BFE27CB00F80248 /* SAPWoman.m */ = {isa = PBXFileReference; fileEncoding = 4; lastKnownFileType = sourcecode.c.objc; path = SAPWoman.m; sourceTree = "<group>"; };
		CAD9F3E21C04B4F400F80248 /* NSString+SAPStringExtentions.h */ = {isa = PBXFileReference; fileEncoding = 4; lastKnownFileType = sourcecode.c.h; path = "NSString+SAPStringExtentions.h"; sourceTree = "<group>"; };
		CAD9F3E31C04B4F400F80248 /* NSString+SAPStringExtentions.m */ = {isa = PBXFileReference; fileEncoding = 4; lastKnownFileType = sourcecode.c.objc; path = "NSString+SAPStringExtentions.m"; sourceTree = "<group>"; };
		CADDCD361C11EF6A003F56CC /* MacCourse */ = {isa = PBXFileReference; explicitFileType = "compiled.mach-o.executable"; includeInIndex = 0; path = MacCourse; sourceTree = BUILT_PRODUCTS_DIR; };
		CADDCD371C11EF6A003F56CC /* ObjectiveC */ = {isa = PBXFileReference; explicitFileType = "compiled.mach-o.executable"; includeInIndex = 0; path = ObjectiveC; sourceTree = BUILT_PRODUCTS_DIR; };
		CADDCD3A1C11F0DA003F56CC /* SAPAlphabet.h */ = {isa = PBXFileReference; fileEncoding = 4; lastKnownFileType = sourcecode.c.h; path = SAPAlphabet.h; sourceTree = "<group>"; };
		CADDCD3B1C11F0DA003F56CC /* SAPAlphabet.m */ = {isa = PBXFileReference; fileEncoding = 4; lastKnownFileType = sourcecode.c.objc; path = SAPAlphabet.m; sourceTree = "<group>"; };
		CADDCD3C1C11F0DA003F56CC /* SAPArrayAlphabet.h */ = {isa = PBXFileReference; fileEncoding = 4; lastKnownFileType = sourcecode.c.h; path = SAPArrayAlphabet.h; sourceTree = "<group>"; };
		CADDCD3D1C11F0DA003F56CC /* SAPArrayAlphabet.m */ = {isa = PBXFileReference; fileEncoding = 4; lastKnownFileType = sourcecode.c.objc; path = SAPArrayAlphabet.m; sourceTree = "<group>"; };
		CADDCD3E1C11F0DA003F56CC /* SAPStringAlphabet.h */ = {isa = PBXFileReference; fileEncoding = 4; lastKnownFileType = sourcecode.c.h; path = SAPStringAlphabet.h; sourceTree = "<group>"; };
		CADDCD3F1C11F0DA003F56CC /* SAPStringAlphabet.m */ = {isa = PBXFileReference; fileEncoding = 4; lastKnownFileType = sourcecode.c.objc; path = SAPStringAlphabet.m; sourceTree = "<group>"; };
		CADDCD401C11F0DA003F56CC /* SAPUnicodeRangeAlphabet.h */ = {isa = PBXFileReference; fileEncoding = 4; lastKnownFileType = sourcecode.c.h; path = SAPUnicodeRangeAlphabet.h; sourceTree = "<group>"; };
		CADDCD411C11F0DA003F56CC /* SAPUnicodeRangeAlphabet.m */ = {isa = PBXFileReference; fileEncoding = 4; lastKnownFileType = sourcecode.c.objc; path = SAPUnicodeRangeAlphabet.m; sourceTree = "<group>"; };
		CADDCD4E1C15B54D003F56CC /* SAPStringExtentionsTests.m */ = {isa = PBXFileReference; fileEncoding = 4; lastKnownFileType = sourcecode.c.objc; path = SAPStringExtentionsTests.m; sourceTree = "<group>"; };
/* End PBXFileReference section */

/* Begin PBXFrameworksBuildPhase section */
		2E9F650B1C010553008A6F62 /* Frameworks */ = {
			isa = PBXFrameworksBuildPhase;
			buildActionMask = 2147483647;
			files = (
			);
			runOnlyForDeploymentPostprocessing = 0;
		};
		CAD0E7771BFCB72900B5DCA9 /* Frameworks */ = {
			isa = PBXFrameworksBuildPhase;
			buildActionMask = 2147483647;
			files = (
			);
			runOnlyForDeploymentPostprocessing = 0;
		};
		EC96D8691BA83CD1008C8F6F /* Frameworks */ = {
			isa = PBXFrameworksBuildPhase;
			buildActionMask = 2147483647;
			files = (
			);
			runOnlyForDeploymentPostprocessing = 0;
		};
/* End PBXFrameworksBuildPhase section */

/* Begin PBXGroup section */
		2E9F650F1C010554008A6F62 /* ObjectiveCTests */ = {
			isa = PBXGroup;
			children = (
				2EC1A6371C13655E00AAD97C /* Specs */,
				CADDCD4D1C15B54D003F56CC /* XCUnitTests */,
				2E9F65101C010554008A6F62 /* Supporting Files */,
			);
			path = ObjectiveCTests;
			sourceTree = "<group>";
		};
		2E9F65101C010554008A6F62 /* Supporting Files */ = {
			isa = PBXGroup;
			children = (
				2E9F65111C010554008A6F62 /* Info.plist */,
			);
			name = "Supporting Files";
			sourceTree = "<group>";
		};
		2EC1A6371C13655E00AAD97C /* Specs */ = {
			isa = PBXGroup;
			children = (
				2EC1A6381C13655E00AAD97C /* SAPEnumeratedStringSpec.m */,
				2EC1A6391C13655E00AAD97C /* SAPStringExtentionsSpec.m */,
				2EC1A6A21C1369FF00AAD97C /* SAPAlphabetSpec.m */,
				CA3F28B21C1AD1D50072FC65 /* SAPObservableObjectSpec.m */,
				CA3F28991C1640670072FC65 /* SAPCarWashSpec.m */,
			);
			path = Specs;
			sourceTree = "<group>";
		};
		2EC1A63E1C13668600AAD97C /* C */ = {
			isa = PBXGroup;
			children = (
				2EC1A63F1C13668600AAD97C /* sources */,
				2EC1A66B1C13668600AAD97C /* tests */,
			);
			path = C;
			sourceTree = "<group>";
		};
		2EC1A63F1C13668600AAD97C /* sources */ = {
			isa = PBXGroup;
			children = (
				2EC1A6A01C13671F00AAD97C /* main.c */,
				2EC1A6641C13668600AAD97C /* SAPMacro.h */,
				2EC1A6401C13668600AAD97C /* SAPArray */,
				2EC1A6431C13668600AAD97C /* SAPAutoreleasingPool */,
				2EC1A6471C13668600AAD97C /* SAPDynamicArray */,
				2EC1A64A1C13668600AAD97C /* SAPL01DataTypes */,
				2EC1A6501C13668600AAD97C /* SAPL02FunctionCreationMacros */,
				2EC1A6521C13668600AAD97C /* SAPL03StructureAndBinary */,
				2EC1A6561C13668600AAD97C /* SAPL05Human */,
				2EC1A6591C13668600AAD97C /* SAPLinkedList */,
				2EC1A6651C13668600AAD97C /* SAPObject */,
				2EC1A6681C13668600AAD97C /* SAPString */,
			);
			path = sources;
			sourceTree = "<group>";
		};
		2EC1A6401C13668600AAD97C /* SAPArray */ = {
			isa = PBXGroup;
			children = (
				2EC1A6411C13668600AAD97C /* SAPArray.c */,
				2EC1A6421C13668600AAD97C /* SAPArray.h */,
			);
			path = SAPArray;
			sourceTree = "<group>";
		};
		2EC1A6431C13668600AAD97C /* SAPAutoreleasingPool */ = {
			isa = PBXGroup;
			children = (
				2EC1A6441C13668600AAD97C /* SAPAutoreleasingStack */,
			);
			path = SAPAutoreleasingPool;
			sourceTree = "<group>";
		};
		2EC1A6441C13668600AAD97C /* SAPAutoreleasingStack */ = {
			isa = PBXGroup;
			children = (
				2EC1A6451C13668600AAD97C /* SAPAutoreleasingStack.c */,
				2EC1A6461C13668600AAD97C /* SAPAutoreleasingStack.h */,
			);
			path = SAPAutoreleasingStack;
			sourceTree = "<group>";
		};
		2EC1A6471C13668600AAD97C /* SAPDynamicArray */ = {
			isa = PBXGroup;
			children = (
				2EC1A6481C13668600AAD97C /* SAPDynamicArray.c */,
				2EC1A6491C13668600AAD97C /* SAPDynamicArray.h */,
			);
			path = SAPDynamicArray;
			sourceTree = "<group>";
		};
		2EC1A64A1C13668600AAD97C /* SAPL01DataTypes */ = {
			isa = PBXGroup;
			children = (
				2EC1A64C1C13668600AAD97C /* SAPMamaOrPapa.c */,
				2EC1A64D1C13668600AAD97C /* SAPMamaOrPapa.h */,
				2EC1A64E1C13668600AAD97C /* SAPPrintTypeSize.c */,
				2EC1A64F1C13668600AAD97C /* SAPPrintTypeSize.h */,
			);
			path = SAPL01DataTypes;
			sourceTree = "<group>";
		};
		2EC1A6501C13668600AAD97C /* SAPL02FunctionCreationMacros */ = {
			isa = PBXGroup;
			children = (
				2EC1A6511C13668600AAD97C /* SAPFunctionCreationMacros.h */,
			);
			path = SAPL02FunctionCreationMacros;
			sourceTree = "<group>";
		};
		2EC1A6521C13668600AAD97C /* SAPL03StructureAndBinary */ = {
			isa = PBXGroup;
			children = (
				2EC1A6531C13668600AAD97C /* SAPBinaryData.c */,
				2EC1A6541C13668600AAD97C /* SAPBinaryData.h */,
				2EC1A6551C13668600AAD97C /* SAPStructures.h */,
			);
			path = SAPL03StructureAndBinary;
			sourceTree = "<group>";
		};
		2EC1A6561C13668600AAD97C /* SAPL05Human */ = {
			isa = PBXGroup;
			children = (
				2EC1A6571C13668600AAD97C /* SAPHuman.c */,
				2EC1A6581C13668600AAD97C /* SAPHuman.h */,
			);
			path = SAPL05Human;
			sourceTree = "<group>";
		};
		2EC1A6591C13668600AAD97C /* SAPLinkedList */ = {
			isa = PBXGroup;
			children = (
				2EC1A65A1C13668600AAD97C /* SAPLinkedListEnumerator */,
				2EC1A65E1C13668600AAD97C /* SAPLinkedListNode */,
				2EC1A6631C13668600AAD97C /* SAPLinkedListPrivate.h */,
			);
			path = SAPLinkedList;
			sourceTree = "<group>";
		};
		2EC1A65A1C13668600AAD97C /* SAPLinkedListEnumerator */ = {
			isa = PBXGroup;
			children = (
				2EC1A65B1C13668600AAD97C /* SAPLinkedListEnumerator.c */,
				2EC1A65C1C13668600AAD97C /* SAPLinkedListEnumerator.h */,
				2EC1A65D1C13668600AAD97C /* SAPLinkedListEnumeratorPrivate.h */,
			);
			path = SAPLinkedListEnumerator;
			sourceTree = "<group>";
		};
		2EC1A65E1C13668600AAD97C /* SAPLinkedListNode */ = {
			isa = PBXGroup;
			children = (
				2EC1A65F1C13668600AAD97C /* SAPLinkedList.c */,
				2EC1A6601C13668600AAD97C /* SAPLinkedList.h */,
				2EC1A6611C13668600AAD97C /* SAPLinkedListNode.c */,
				2EC1A6621C13668600AAD97C /* SAPLinkedListNode.h */,
			);
			path = SAPLinkedListNode;
			sourceTree = "<group>";
		};
		2EC1A6651C13668600AAD97C /* SAPObject */ = {
			isa = PBXGroup;
			children = (
				2EC1A6661C13668600AAD97C /* SAPObject.c */,
				2EC1A6671C13668600AAD97C /* SAPObject.h */,
			);
			path = SAPObject;
			sourceTree = "<group>";
		};
		2EC1A6681C13668600AAD97C /* SAPString */ = {
			isa = PBXGroup;
			children = (
				2EC1A6691C13668600AAD97C /* SAPString.c */,
				2EC1A66A1C13668600AAD97C /* SAPString.h */,
			);
			path = SAPString;
			sourceTree = "<group>";
		};
		2EC1A66B1C13668600AAD97C /* tests */ = {
			isa = PBXGroup;
			children = (
				2EC1A66C1C13668600AAD97C /* SAP02OutputTypeMacros */,
				2EC1A66F1C13668600AAD97C /* SAP05Human */,
				2EC1A6721C13668600AAD97C /* SAPArray */,
				2EC1A6751C13668600AAD97C /* SAPAutoReleasingStack */,
				2EC1A6781C13668600AAD97C /* SAPDynamicArray */,
				2EC1A67B1C13668600AAD97C /* SAPL01DataTypes */,
				2EC1A67E1C13668600AAD97C /* SAPL03StructureAndBinary */,
				2EC1A6831C13668600AAD97C /* SAPLinkedList */,
				2EC1A6861C13668600AAD97C /* SAPString */,
			);
			path = tests;
			sourceTree = "<group>";
		};
		2EC1A66C1C13668600AAD97C /* SAP02OutputTypeMacros */ = {
			isa = PBXGroup;
			children = (
				2EC1A66D1C13668600AAD97C /* SAPRunFunctionCreateMacros.c */,
				2EC1A66E1C13668600AAD97C /* SAPRunFunctionCreateMacros.h */,
			);
			path = SAP02OutputTypeMacros;
			sourceTree = "<group>";
		};
		2EC1A66F1C13668600AAD97C /* SAP05Human */ = {
			isa = PBXGroup;
			children = (
				2EC1A6701C13668600AAD97C /* SAPHumanTests.c */,
				2EC1A6711C13668600AAD97C /* SAPHumanTests.h */,
			);
			path = SAP05Human;
			sourceTree = "<group>";
		};
		2EC1A6721C13668600AAD97C /* SAPArray */ = {
			isa = PBXGroup;
			children = (
				2EC1A6731C13668600AAD97C /* SAPArrayTest.c */,
				2EC1A6741C13668600AAD97C /* SAPArrayTest.h */,
			);
			path = SAPArray;
			sourceTree = "<group>";
		};
		2EC1A6751C13668600AAD97C /* SAPAutoReleasingStack */ = {
			isa = PBXGroup;
			children = (
				2EC1A6761C13668600AAD97C /* SAPAutoReleasingStackTests.c */,
				2EC1A6771C13668600AAD97C /* SAPAutoReleasingStackTests.h */,
			);
			path = SAPAutoReleasingStack;
			sourceTree = "<group>";
		};
		2EC1A6781C13668600AAD97C /* SAPDynamicArray */ = {
			isa = PBXGroup;
			children = (
				2EC1A6791C13668600AAD97C /* SAPDynamicArrayTest.c */,
				2EC1A67A1C13668600AAD97C /* SAPDynamicArrayTest.h */,
			);
			path = SAPDynamicArray;
			sourceTree = "<group>";
		};
		2EC1A67B1C13668600AAD97C /* SAPL01DataTypes */ = {
			isa = PBXGroup;
			children = (
				2EC1A67C1C13668600AAD97C /* SAPLesson1Tests.c */,
				2EC1A67D1C13668600AAD97C /* SAPLesson1Tests.h */,
			);
			path = SAPL01DataTypes;
			sourceTree = "<group>";
		};
		2EC1A67E1C13668600AAD97C /* SAPL03StructureAndBinary */ = {
			isa = PBXGroup;
			children = (
				2EC1A67F1C13668600AAD97C /* SAPBinaryTest.c */,
				2EC1A6801C13668600AAD97C /* SAPBinaryTest.h */,
				2EC1A6811C13668600AAD97C /* SAPStructuresTest.c */,
				2EC1A6821C13668600AAD97C /* SAPStructuresTest.h */,
			);
			path = SAPL03StructureAndBinary;
			sourceTree = "<group>";
		};
		2EC1A6831C13668600AAD97C /* SAPLinkedList */ = {
			isa = PBXGroup;
			children = (
				2EC1A6841C13668600AAD97C /* SAPLinkedListTest.c */,
				2EC1A6851C13668600AAD97C /* SAPLinkedListTest.h */,
			);
			path = SAPLinkedList;
			sourceTree = "<group>";
		};
		2EC1A6861C13668600AAD97C /* SAPString */ = {
			isa = PBXGroup;
			children = (
				2EC1A6871C13668600AAD97C /* SAPStringTest.c */,
				2EC1A6881C13668600AAD97C /* SAPStringTest.h */,
			);
			path = SAPString;
			sourceTree = "<group>";
		};
		81AB617D3C6AE3C16697C917 /* Frameworks */ = {
			isa = PBXGroup;
			children = (
			);
			name = Frameworks;
			sourceTree = "<group>";
		};
		9F3F6D4C1C08CA340051F3C6 /* SAPStringExtentionsTests */ = {
			isa = PBXGroup;
			children = (
				9F3F6D4D1C08CA670051F3C6 /* SAPStringExtentionsTests.h */,
				9F3F6D4E1C08CA670051F3C6 /* SAPStringExtentionsTests.m */,
			);
			path = SAPStringExtentionsTests;
			sourceTree = "<group>";
		};
		CA3F28A61C19D5120072FC65 /* SAPObservableObject */ = {
			isa = PBXGroup;
			children = (
				CA3F28A71C19D5120072FC65 /* SAPObservableObject.h */,
				CA3F28A81C19D5120072FC65 /* SAPObservableObject.m */,
			);
			name = SAPObservableObject;
			path = ObjectiveC/sources/SAPObservableObject;
			sourceTree = SOURCE_ROOT;
		};
		CA3F28AA1C1AC5940072FC65 /* SAPReference */ = {
			isa = PBXGroup;
			children = (
				CA3F28B91C213DC20072FC65 /* SAPAssignReference */,
				CA3F28AB1C1AC5B20072FC65 /* SAPReference.h */,
				CA3F28AC1C1AC5B20072FC65 /* SAPReference.m */,
			);
			path = SAPReference;
			sourceTree = "<group>";
		};
		CA3F28B91C213DC20072FC65 /* SAPAssignReference */ = {
			isa = PBXGroup;
			children = (
				CA3F28BA1C213DC20072FC65 /* SAPAssignReference.h */,
				CA3F28BB1C213DC20072FC65 /* SAPAssignReference.m */,
			);
			path = SAPAssignReference;
			sourceTree = "<group>";
		};
		CA3F28C31C21506F0072FC65 /* NSObject+SAPObject */ = {
			isa = PBXGroup;
			children = (
				CA3F28C41C21506F0072FC65 /* NSObject+SAPObject.h */,
				CA3F28C51C21506F0072FC65 /* NSObject+SAPObject.m */,
			);
			path = "NSObject+SAPObject";
			sourceTree = "<group>";
		};
		CAD0E77B1BFCB72900B5DCA9 /* ObjectiveC */ = {
			isa = PBXGroup;
			children = (
				CAD0E7811BFCC3E400B5DCA9 /* sources */,
				CAD0E7831BFCC3E400B5DCA9 /* tests */,
				CAD0E77C1BFCB72900B5DCA9 /* main.m */,
			);
			path = ObjectiveC;
			sourceTree = "<group>";
		};
		CAD0E7811BFCC3E400B5DCA9 /* sources */ = {
			isa = PBXGroup;
			children = (
				CA3F28C31C21506F0072FC65 /* NSObject+SAPObject */,
				CAD0E7821BFCC3E400B5DCA9 /* SAPCreature */,
				CAD9F3D31BFE277100F80248 /* SAPMan */,
				CAD9F3D41BFE278500F80248 /* SAPWoman */,
				CAD9F3DE1C04B43800F80248 /* SAPStringExtentions */,
				CADDCD391C11F00B003F56CC /* SAPAlphabet */,
				CAD184201C08B51200A97F55 /* SAPEnumeratedString */,
				CA3F28A61C19D5120072FC65 /* SAPObservableObject */,
				CA3F28AA1C1AC5940072FC65 /* SAPReference */,
				CAD1842C1C0CA5AF00A97F55 /* SAPCarWash */,
			);
			path = sources;
			sourceTree = "<group>";
		};
		CAD0E7821BFCC3E400B5DCA9 /* SAPCreature */ = {
			isa = PBXGroup;
			children = (
				CAD0E7851BFCC4CB00B5DCA9 /* SAPCreature.h */,
				CAD0E7861BFCC4CB00B5DCA9 /* SAPCreature.m */,
			);
			path = SAPCreature;
			sourceTree = "<group>";
		};
		CAD0E7831BFCC3E400B5DCA9 /* tests */ = {
			isa = PBXGroup;
			children = (
				CAD0E7841BFCC3E400B5DCA9 /* SAPCreatureTests */,
				9F3F6D4C1C08CA340051F3C6 /* SAPStringExtentionsTests */,
			);
			path = tests;
			sourceTree = "<group>";
		};
		CAD0E7841BFCC3E400B5DCA9 /* SAPCreatureTests */ = {
			isa = PBXGroup;
			children = (
				CAD0E7881BFDC77400B5DCA9 /* SAPCreatureTests.h */,
				CAD0E7891BFDC77400B5DCA9 /* SAPCreatureTests.m */,
			);
			path = SAPCreatureTests;
			sourceTree = "<group>";
		};
		CAD184201C08B51200A97F55 /* SAPEnumeratedString */ = {
			isa = PBXGroup;
			children = (
				CAD184211C08B53F00A97F55 /* SAPEnumeratedString.h */,
				CAD184221C08B53F00A97F55 /* SAPEnumeratedString.m */,
			);
			path = SAPEnumeratedString;
			sourceTree = "<group>";
		};
		CAD1842C1C0CA5AF00A97F55 /* SAPCarWash */ = {
			isa = PBXGroup;
			children = (
				CA3F28961C16376F0072FC65 /* SAPEnterprise.h */,
				CA3F28971C16376F0072FC65 /* SAPEnterprise.m */,
				CA3F289F1C1657BF0072FC65 /* SAPItemsContainer.h */,
				CA3F28A01C1657BF0072FC65 /* SAPItemsContainer.m */,
				CA3F28A21C1821650072FC65 /* SAPMoneyTransfer.h */,
				CA4A33CC1C2DAAB600460A57 /* SAPWorkerObservingProtocol.h */,
				CAD184301C0CA5AF00A97F55 /* SAPCar */,
				CAD184311C0CA5AF00A97F55 /* SAPWorker */,
				CA4A33CD1C2DD37200460A57 /* SAPCarsGenerator.h */,
				CA4A33CE1C2DD37200460A57 /* SAPCarsGenerator.m */,
			);
			path = SAPCarWash;
			sourceTree = "<group>";
		};
		CAD184301C0CA5AF00A97F55 /* SAPCar */ = {
			isa = PBXGroup;
			children = (
				CAD184411C0CA63100A97F55 /* SAPCar.h */,
				CAD184421C0CA63100A97F55 /* SAPCar.m */,
			);
			path = SAPCar;
			sourceTree = "<group>";
		};
		CAD184311C0CA5AF00A97F55 /* SAPWorker */ = {
			isa = PBXGroup;
			children = (
				CAD184451C0CA64900A97F55 /* SAPWorker.h */,
				CAD184461C0CA64900A97F55 /* SAPWorker.m */,
				CAD184321C0CA5AF00A97F55 /* SAPAccountant */,
				CAD184331C0CA5AF00A97F55 /* SAPBoss */,
				CAD184341C0CA5AF00A97F55 /* SAPWasher */,
			);
			path = SAPWorker;
			sourceTree = "<group>";
		};
		CAD184321C0CA5AF00A97F55 /* SAPAccountant */ = {
			isa = PBXGroup;
			children = (
				CAD184491C0CA67C00A97F55 /* SAPAccountant.h */,
				CAD1844A1C0CA67C00A97F55 /* SAPAccountant.m */,
			);
			path = SAPAccountant;
			sourceTree = "<group>";
		};
		CAD184331C0CA5AF00A97F55 /* SAPBoss */ = {
			isa = PBXGroup;
			children = (
				CAD1844D1C0CA68E00A97F55 /* SAPBoss.h */,
				CAD1844E1C0CA68E00A97F55 /* SAPBoss.m */,
			);
			path = SAPBoss;
			sourceTree = "<group>";
		};
		CAD184341C0CA5AF00A97F55 /* SAPWasher */ = {
			isa = PBXGroup;
			children = (
				CAD184511C0CA6FA00A97F55 /* SAPWasher.h */,
				CAD184521C0CA6FA00A97F55 /* SAPWasher.m */,
			);
			path = SAPWasher;
			sourceTree = "<group>";
		};
		CAD9F3D31BFE277100F80248 /* SAPMan */ = {
			isa = PBXGroup;
			children = (
				CAD9F3D51BFE27B900F80248 /* SAPMan.h */,
				CAD9F3D61BFE27B900F80248 /* SAPMan.m */,
			);
			path = SAPMan;
			sourceTree = "<group>";
		};
		CAD9F3D41BFE278500F80248 /* SAPWoman */ = {
			isa = PBXGroup;
			children = (
				CAD9F3D81BFE27CB00F80248 /* SAPWoman.h */,
				CAD9F3D91BFE27CB00F80248 /* SAPWoman.m */,
			);
			path = SAPWoman;
			sourceTree = "<group>";
		};
		CAD9F3DE1C04B43800F80248 /* SAPStringExtentions */ = {
			isa = PBXGroup;
			children = (
				CAD9F3E21C04B4F400F80248 /* NSString+SAPStringExtentions.h */,
				CAD9F3E31C04B4F400F80248 /* NSString+SAPStringExtentions.m */,
			);
			path = SAPStringExtentions;
			sourceTree = "<group>";
		};
		CADDCD391C11F00B003F56CC /* SAPAlphabet */ = {
			isa = PBXGroup;
			children = (
				CADDCD3A1C11F0DA003F56CC /* SAPAlphabet.h */,
				CADDCD3B1C11F0DA003F56CC /* SAPAlphabet.m */,
				CADDCD3C1C11F0DA003F56CC /* SAPArrayAlphabet.h */,
				CADDCD3D1C11F0DA003F56CC /* SAPArrayAlphabet.m */,
				CADDCD3E1C11F0DA003F56CC /* SAPStringAlphabet.h */,
				CADDCD3F1C11F0DA003F56CC /* SAPStringAlphabet.m */,
				CADDCD401C11F0DA003F56CC /* SAPUnicodeRangeAlphabet.h */,
				CADDCD411C11F0DA003F56CC /* SAPUnicodeRangeAlphabet.m */,
			);
			path = SAPAlphabet;
			sourceTree = "<group>";
		};
		CADDCD4D1C15B54D003F56CC /* XCUnitTests */ = {
			isa = PBXGroup;
			children = (
				CADDCD4E1C15B54D003F56CC /* SAPStringExtentionsTests.m */,
			);
			path = XCUnitTests;
			sourceTree = "<group>";
		};
		E7DDE7C0782CDF9836CFB5C2 /* Pods */ = {
			isa = PBXGroup;
			children = (
				4BAE36DFC0D1E388370CD0C8 /* Pods-ObjectiveCTests.debug.xcconfig */,
				BA34D1535D964D52C8439061 /* Pods-ObjectiveCTests.release.xcconfig */,
			);
			name = Pods;
			sourceTree = "<group>";
		};
		EC96D8631BA83CD1008C8F6F = {
			isa = PBXGroup;
			children = (
				2EC1A63E1C13668600AAD97C /* C */,
				CAD0E77B1BFCB72900B5DCA9 /* ObjectiveC */,
				2E9F650F1C010554008A6F62 /* ObjectiveCTests */,
				E7DDE7C0782CDF9836CFB5C2 /* Pods */,
				81AB617D3C6AE3C16697C917 /* Frameworks */,
				CADDCD361C11EF6A003F56CC /* MacCourse */,
				CADDCD371C11EF6A003F56CC /* ObjectiveC */,
			);
			sourceTree = "<group>";
		};
/* End PBXGroup section */

/* Begin PBXNativeTarget section */
		2E9F650D1C010553008A6F62 /* ObjectiveCTests */ = {
			isa = PBXNativeTarget;
			buildConfigurationList = 2E9F65161C010554008A6F62 /* Build configuration list for PBXNativeTarget "ObjectiveCTests" */;
			buildPhases = (
				AFABF7E6B2E055A2626A0A15 /* Check Pods Manifest.lock */,
				2E9F650A1C010553008A6F62 /* Sources */,
				2E9F650B1C010553008A6F62 /* Frameworks */,
				2E9F650C1C010553008A6F62 /* Resources */,
				8D685B23950F0098FB31E161 /* Embed Pods Frameworks */,
				325F3F2C9E2D1948A468FF1C /* Copy Pods Resources */,
			);
			buildRules = (
			);
			dependencies = (
			);
			name = ObjectiveCTests;
			productName = ObjectiveCTests;
			productReference = CA713CEB1C3C195100FF21DC /* ObjectiveCTests.xctest */;
			productType = "com.apple.product-type.bundle.unit-test";
		};
		CAD0E7791BFCB72900B5DCA9 /* ObjectiveC */ = {
			isa = PBXNativeTarget;
			buildConfigurationList = CAD0E7801BFCB72900B5DCA9 /* Build configuration list for PBXNativeTarget "ObjectiveC" */;
			buildPhases = (
				CAD0E7761BFCB72900B5DCA9 /* Sources */,
				CAD0E7771BFCB72900B5DCA9 /* Frameworks */,
				CAD0E7781BFCB72900B5DCA9 /* CopyFiles */,
			);
			buildRules = (
			);
			dependencies = (
			);
			name = ObjectiveC;
			productName = ObjectiveC;
			productReference = CADDCD371C11EF6A003F56CC /* ObjectiveC */;
			productType = "com.apple.product-type.tool";
		};
		EC96D86B1BA83CD1008C8F6F /* MacCourse */ = {
			isa = PBXNativeTarget;
			buildConfigurationList = EC96D8731BA83CD1008C8F6F /* Build configuration list for PBXNativeTarget "MacCourse" */;
			buildPhases = (
				EC96D8681BA83CD1008C8F6F /* Sources */,
				EC96D8691BA83CD1008C8F6F /* Frameworks */,
				EC96D86A1BA83CD1008C8F6F /* CopyFiles */,
			);
			buildRules = (
			);
			dependencies = (
			);
			name = MacCourse;
			productName = MacCourse;
			productReference = CADDCD361C11EF6A003F56CC /* MacCourse */;
			productType = "com.apple.product-type.tool";
		};
/* End PBXNativeTarget section */

/* Begin PBXProject section */
		EC96D8641BA83CD1008C8F6F /* Project object */ = {
			isa = PBXProject;
			attributes = {
				LastUpgradeCheck = 0700;
				ORGANIZATIONNAME = "Yosemite Retail";
				TargetAttributes = {
					2E9F650D1C010553008A6F62 = {
						CreatedOnToolsVersion = 6.4;
					};
					CAD0E7791BFCB72900B5DCA9 = {
						CreatedOnToolsVersion = 7.0;
					};
					EC96D86B1BA83CD1008C8F6F = {
						CreatedOnToolsVersion = 6.4;
					};
				};
			};
			buildConfigurationList = EC96D8671BA83CD1008C8F6F /* Build configuration list for PBXProject "MacCourse" */;
			compatibilityVersion = "Xcode 3.2";
			developmentRegion = English;
			hasScannedForEncodings = 0;
			knownRegions = (
				en,
			);
			mainGroup = EC96D8631BA83CD1008C8F6F;
			productRefGroup = EC96D8631BA83CD1008C8F6F;
			projectDirPath = "";
			projectRoot = "";
			targets = (
				EC96D86B1BA83CD1008C8F6F /* MacCourse */,
				CAD0E7791BFCB72900B5DCA9 /* ObjectiveC */,
				2E9F650D1C010553008A6F62 /* ObjectiveCTests */,
			);
		};
/* End PBXProject section */

/* Begin PBXResourcesBuildPhase section */
		2E9F650C1C010553008A6F62 /* Resources */ = {
			isa = PBXResourcesBuildPhase;
			buildActionMask = 2147483647;
			files = (
			);
			runOnlyForDeploymentPostprocessing = 0;
		};
/* End PBXResourcesBuildPhase section */

/* Begin PBXShellScriptBuildPhase section */
		325F3F2C9E2D1948A468FF1C /* Copy Pods Resources */ = {
			isa = PBXShellScriptBuildPhase;
			buildActionMask = 2147483647;
			files = (
			);
			inputPaths = (
			);
			name = "Copy Pods Resources";
			outputPaths = (
			);
			runOnlyForDeploymentPostprocessing = 0;
			shellPath = /bin/sh;
			shellScript = "\"${SRCROOT}/Pods/Target Support Files/Pods-ObjectiveCTests/Pods-ObjectiveCTests-resources.sh\"\n";
			showEnvVarsInLog = 0;
		};
		8D685B23950F0098FB31E161 /* Embed Pods Frameworks */ = {
			isa = PBXShellScriptBuildPhase;
			buildActionMask = 2147483647;
			files = (
			);
			inputPaths = (
			);
			name = "Embed Pods Frameworks";
			outputPaths = (
			);
			runOnlyForDeploymentPostprocessing = 0;
			shellPath = /bin/sh;
			shellScript = "\"${SRCROOT}/Pods/Target Support Files/Pods-ObjectiveCTests/Pods-ObjectiveCTests-frameworks.sh\"\n";
			showEnvVarsInLog = 0;
		};
		AFABF7E6B2E055A2626A0A15 /* Check Pods Manifest.lock */ = {
			isa = PBXShellScriptBuildPhase;
			buildActionMask = 2147483647;
			files = (
			);
			inputPaths = (
			);
			name = "Check Pods Manifest.lock";
			outputPaths = (
			);
			runOnlyForDeploymentPostprocessing = 0;
			shellPath = /bin/sh;
			shellScript = "diff \"${PODS_ROOT}/../Podfile.lock\" \"${PODS_ROOT}/Manifest.lock\" > /dev/null\nif [[ $? != 0 ]] ; then\n    cat << EOM\nerror: The sandbox is not in sync with the Podfile.lock. Run 'pod install' or update your CocoaPods installation.\nEOM\n    exit 1\nfi\n";
			showEnvVarsInLog = 0;
		};
/* End PBXShellScriptBuildPhase section */

/* Begin PBXSourcesBuildPhase section */
		2E9F650A1C010553008A6F62 /* Sources */ = {
			isa = PBXSourcesBuildPhase;
			buildActionMask = 2147483647;
			files = (
				2EC1A6A41C1C60FF00AAD97C /* SAPEnterprise.m in Sources */,
				CA3F28B81C1AF3DA0072FC65 /* SAPReference.m in Sources */,
				CA3F28B61C1AF3360072FC65 /* SAPItemsContainer.m in Sources */,
				CA3F28B41C1ADBBA0072FC65 /* SAPObservableObject.m in Sources */,
				CADDCD481C15B4CC003F56CC /* SAPArrayAlphabet.m in Sources */,
				CADDCD4A1C15B4CC003F56CC /* SAPStringAlphabet.m in Sources */,
				CA3F28C71C21506F0072FC65 /* NSObject+SAPObject.m in Sources */,
				CADDCD4C1C15B4CC003F56CC /* SAPUnicodeRangeAlphabet.m in Sources */,
				CADDCD461C15B367003F56CC /* SAPAlphabet.m in Sources */,
				2EC1A6321C130AB500AAD97C /* NSString+SAPStringExtentions.m in Sources */,
				CAD184241C08B53F00A97F55 /* SAPEnumeratedString.m in Sources */,
				CAD1844C1C0CA67C00A97F55 /* SAPAccountant.m in Sources */,
				2EC1A6A31C1369FF00AAD97C /* SAPAlphabetSpec.m in Sources */,
				CA3F28BD1C213DC20072FC65 /* SAPAssignReference.m in Sources */,
				CAD184501C0CA68E00A97F55 /* SAPBoss.m in Sources */,
				CADDCD4F1C15B54D003F56CC /* SAPStringExtentionsTests.m in Sources */,
				CAD184441C0CA63100A97F55 /* SAPCar.m in Sources */,
				CA3F289A1C1640670072FC65 /* SAPCarWashSpec.m in Sources */,
				2EC1A63C1C13655E00AAD97C /* SAPStringExtentionsSpec.m in Sources */,
				CAD184481C0CA64900A97F55 /* SAPWorker.m in Sources */,
				2EC1A63B1C13655E00AAD97C /* SAPEnumeratedStringSpec.m in Sources */,
				CAD184541C0CA6FA00A97F55 /* SAPWasher.m in Sources */,
				CA3F28B31C1AD1D50072FC65 /* SAPObservableObjectSpec.m in Sources */,
			);
			runOnlyForDeploymentPostprocessing = 0;
		};
		CAD0E7761BFCB72900B5DCA9 /* Sources */ = {
			isa = PBXSourcesBuildPhase;
			buildActionMask = 2147483647;
			files = (
				CADDCD451C11F0DA003F56CC /* SAPUnicodeRangeAlphabet.m in Sources */,
				CA4A33CF1C2DD37200460A57 /* SAPCarsGenerator.m in Sources */,
				CADDCD431C11F0DA003F56CC /* SAPArrayAlphabet.m in Sources */,
				CAD0E77D1BFCB72900B5DCA9 /* main.m in Sources */,
				CAD184471C0CA64900A97F55 /* SAPWorker.m in Sources */,
				CA3F28AD1C1AC5B20072FC65 /* SAPReference.m in Sources */,
				CA3F28C61C21506F0072FC65 /* NSObject+SAPObject.m in Sources */,
				CAD9F3E41C04B4F400F80248 /* NSString+SAPStringExtentions.m in Sources */,
				CADDCD441C11F0DA003F56CC /* SAPStringAlphabet.m in Sources */,
				CA3F28A91C19D5120072FC65 /* SAPObservableObject.m in Sources */,
				CADDCD421C11F0DA003F56CC /* SAPAlphabet.m in Sources */,
				CAD184531C0CA6FA00A97F55 /* SAPWasher.m in Sources */,
				CAD1844B1C0CA67C00A97F55 /* SAPAccountant.m in Sources */,
				CA3F28BC1C213DC20072FC65 /* SAPAssignReference.m in Sources */,
				CA3F28A11C1657BF0072FC65 /* SAPItemsContainer.m in Sources */,
				CAD0E78A1BFDC77400B5DCA9 /* SAPCreatureTests.m in Sources */,
				CAD1844F1C0CA68E00A97F55 /* SAPBoss.m in Sources */,
				CAD0E7871BFCC4CB00B5DCA9 /* SAPCreature.m in Sources */,
				9F3F6D4F1C08CA670051F3C6 /* SAPStringExtentionsTests.m in Sources */,
				CAD184231C08B53F00A97F55 /* SAPEnumeratedString.m in Sources */,
				CAD9F3DA1BFE27CB00F80248 /* SAPWoman.m in Sources */,
				CAD184431C0CA63100A97F55 /* SAPCar.m in Sources */,
				CA3F28981C16376F0072FC65 /* SAPEnterprise.m in Sources */,
				CAD9F3D71BFE27B900F80248 /* SAPMan.m in Sources */,
			);
			runOnlyForDeploymentPostprocessing = 0;
		};
		EC96D8681BA83CD1008C8F6F /* Sources */ = {
			isa = PBXSourcesBuildPhase;
			buildActionMask = 2147483647;
			files = (
				2EC1A69D1C13668600AAD97C /* SAPStructuresTest.c in Sources */,
				2EC1A6971C13668600AAD97C /* SAPHumanTests.c in Sources */,
				2EC1A6901C13668600AAD97C /* SAPHuman.c in Sources */,
				2EC1A69F1C13668600AAD97C /* SAPStringTest.c in Sources */,
				2EC1A69B1C13668600AAD97C /* SAPLesson1Tests.c in Sources */,
				2EC1A6991C13668600AAD97C /* SAPAutoReleasingStackTests.c in Sources */,
				2EC1A6921C13668600AAD97C /* SAPLinkedList.c in Sources */,
				2EC1A69A1C13668600AAD97C /* SAPDynamicArrayTest.c in Sources */,
				2EC1A6941C13668600AAD97C /* SAPObject.c in Sources */,
				2EC1A68D1C13668600AAD97C /* SAPMamaOrPapa.c in Sources */,
				2EC1A6911C13668600AAD97C /* SAPLinkedListEnumerator.c in Sources */,
				2EC1A6931C13668600AAD97C /* SAPLinkedListNode.c in Sources */,
				2EC1A68E1C13668600AAD97C /* SAPPrintTypeSize.c in Sources */,
				2EC1A69E1C13668600AAD97C /* SAPLinkedListTest.c in Sources */,
				2EC1A6A11C13671F00AAD97C /* main.c in Sources */,
				2EC1A68F1C13668600AAD97C /* SAPBinaryData.c in Sources */,
				2EC1A68A1C13668600AAD97C /* SAPAutoreleasingStack.c in Sources */,
				2EC1A69C1C13668600AAD97C /* SAPBinaryTest.c in Sources */,
				2EC1A6891C13668600AAD97C /* SAPArray.c in Sources */,
				2EC1A68B1C13668600AAD97C /* SAPDynamicArray.c in Sources */,
				2EC1A6961C13668600AAD97C /* SAPRunFunctionCreateMacros.c in Sources */,
				CAA266991BF48E1000F4FF84 /* SAPAutoReleasingStack in Sources */,
				2EC1A6981C13668600AAD97C /* SAPArrayTest.c in Sources */,
				2EC1A6951C13668600AAD97C /* SAPString.c in Sources */,
			);
			runOnlyForDeploymentPostprocessing = 0;
		};
/* End PBXSourcesBuildPhase section */

/* Begin XCBuildConfiguration section */
		2E9F65141C010554008A6F62 /* Debug */ = {
			isa = XCBuildConfiguration;
			baseConfigurationReference = 4BAE36DFC0D1E388370CD0C8 /* Pods-ObjectiveCTests.debug.xcconfig */;
			buildSettings = {
				COMBINE_HIDPI_IMAGES = YES;
				FRAMEWORK_SEARCH_PATHS = (
					"$(DEVELOPER_FRAMEWORKS_DIR)",
					"$(inherited)",
				);
				GCC_PREPROCESSOR_DEFINITIONS = (
					"DEBUG=1",
					"$(inherited)",
				);
				INFOPLIST_FILE = ObjectiveCTests/Info.plist;
				LD_RUNPATH_SEARCH_PATHS = "$(inherited) @executable_path/../Frameworks @loader_path/../Frameworks";
				PRODUCT_NAME = "$(TARGET_NAME)";
			};
			name = Debug;
		};
		2E9F65151C010554008A6F62 /* Release */ = {
			isa = XCBuildConfiguration;
			baseConfigurationReference = BA34D1535D964D52C8439061 /* Pods-ObjectiveCTests.release.xcconfig */;
			buildSettings = {
				COMBINE_HIDPI_IMAGES = YES;
				FRAMEWORK_SEARCH_PATHS = (
					"$(DEVELOPER_FRAMEWORKS_DIR)",
					"$(inherited)",
				);
				INFOPLIST_FILE = ObjectiveCTests/Info.plist;
				LD_RUNPATH_SEARCH_PATHS = "$(inherited) @executable_path/../Frameworks @loader_path/../Frameworks";
				PRODUCT_NAME = "$(TARGET_NAME)";
			};
			name = Release;
		};
		CAD0E77E1BFCB72900B5DCA9 /* Debug */ = {
			isa = XCBuildConfiguration;
			buildSettings = {
				CLANG_ENABLE_OBJC_ARC = NO;
				PRODUCT_NAME = "$(TARGET_NAME)";
			};
			name = Debug;
		};
		CAD0E77F1BFCB72900B5DCA9 /* Release */ = {
			isa = XCBuildConfiguration;
			buildSettings = {
				CLANG_ENABLE_OBJC_ARC = NO;
				PRODUCT_NAME = "$(TARGET_NAME)";
			};
			name = Release;
		};
		EC96D8711BA83CD1008C8F6F /* Debug */ = {
			isa = XCBuildConfiguration;
			buildSettings = {
				ALWAYS_SEARCH_USER_PATHS = NO;
				CLANG_CXX_LANGUAGE_STANDARD = "gnu++0x";
				CLANG_CXX_LIBRARY = "libc++";
				CLANG_ENABLE_MODULES = YES;
				CLANG_ENABLE_OBJC_ARC = YES;
				CLANG_WARN_BOOL_CONVERSION = YES;
				CLANG_WARN_CONSTANT_CONVERSION = YES;
				CLANG_WARN_DIRECT_OBJC_ISA_USAGE = YES_ERROR;
				CLANG_WARN_EMPTY_BODY = YES;
				CLANG_WARN_ENUM_CONVERSION = YES;
				CLANG_WARN_INT_CONVERSION = YES;
				CLANG_WARN_OBJC_ROOT_CLASS = YES_ERROR;
				CLANG_WARN_UNREACHABLE_CODE = YES;
				CLANG_WARN__DUPLICATE_METHOD_MATCH = YES;
				COPY_PHASE_STRIP = NO;
				DEBUG_INFORMATION_FORMAT = dwarf;
				ENABLE_STRICT_OBJC_MSGSEND = YES;
				ENABLE_TESTABILITY = YES;
				GCC_C_LANGUAGE_STANDARD = gnu99;
				GCC_DYNAMIC_NO_PIC = NO;
				GCC_NO_COMMON_BLOCKS = YES;
				GCC_OPTIMIZATION_LEVEL = 0;
				GCC_PREPROCESSOR_DEFINITIONS = (
					"DEBUG=1",
					"$(inherited)",
				);
				GCC_SYMBOLS_PRIVATE_EXTERN = NO;
				GCC_WARN_64_TO_32_BIT_CONVERSION = YES;
				GCC_WARN_ABOUT_RETURN_TYPE = YES_ERROR;
				GCC_WARN_UNDECLARED_SELECTOR = YES;
				GCC_WARN_UNINITIALIZED_AUTOS = YES_AGGRESSIVE;
				GCC_WARN_UNUSED_FUNCTION = YES;
				GCC_WARN_UNUSED_VARIABLE = YES;
				MACOSX_DEPLOYMENT_TARGET = 10.10;
				MTL_ENABLE_DEBUG_INFO = YES;
				ONLY_ACTIVE_ARCH = YES;
				SDKROOT = macosx;
			};
			name = Debug;
		};
		EC96D8721BA83CD1008C8F6F /* Release */ = {
			isa = XCBuildConfiguration;
			buildSettings = {
				ALWAYS_SEARCH_USER_PATHS = NO;
				CLANG_CXX_LANGUAGE_STANDARD = "gnu++0x";
				CLANG_CXX_LIBRARY = "libc++";
				CLANG_ENABLE_MODULES = YES;
				CLANG_ENABLE_OBJC_ARC = YES;
				CLANG_WARN_BOOL_CONVERSION = YES;
				CLANG_WARN_CONSTANT_CONVERSION = YES;
				CLANG_WARN_DIRECT_OBJC_ISA_USAGE = YES_ERROR;
				CLANG_WARN_EMPTY_BODY = YES;
				CLANG_WARN_ENUM_CONVERSION = YES;
				CLANG_WARN_INT_CONVERSION = YES;
				CLANG_WARN_OBJC_ROOT_CLASS = YES_ERROR;
				CLANG_WARN_UNREACHABLE_CODE = YES;
				CLANG_WARN__DUPLICATE_METHOD_MATCH = YES;
				COPY_PHASE_STRIP = NO;
				DEBUG_INFORMATION_FORMAT = "dwarf-with-dsym";
				ENABLE_NS_ASSERTIONS = NO;
				ENABLE_STRICT_OBJC_MSGSEND = YES;
				GCC_C_LANGUAGE_STANDARD = gnu99;
				GCC_NO_COMMON_BLOCKS = YES;
				GCC_WARN_64_TO_32_BIT_CONVERSION = YES;
				GCC_WARN_ABOUT_RETURN_TYPE = YES_ERROR;
				GCC_WARN_UNDECLARED_SELECTOR = YES;
				GCC_WARN_UNINITIALIZED_AUTOS = YES_AGGRESSIVE;
				GCC_WARN_UNUSED_FUNCTION = YES;
				GCC_WARN_UNUSED_VARIABLE = YES;
				MACOSX_DEPLOYMENT_TARGET = 10.10;
				MTL_ENABLE_DEBUG_INFO = NO;
				SDKROOT = macosx;
			};
			name = Release;
		};
		EC96D8741BA83CD1008C8F6F /* Debug */ = {
			isa = XCBuildConfiguration;
			buildSettings = {
				PRODUCT_NAME = "$(TARGET_NAME)";
			};
			name = Debug;
		};
		EC96D8751BA83CD1008C8F6F /* Release */ = {
			isa = XCBuildConfiguration;
			buildSettings = {
				PRODUCT_NAME = "$(TARGET_NAME)";
			};
			name = Release;
		};
/* End XCBuildConfiguration section */

/* Begin XCConfigurationList section */
		2E9F65161C010554008A6F62 /* Build configuration list for PBXNativeTarget "ObjectiveCTests" */ = {
			isa = XCConfigurationList;
			buildConfigurations = (
				2E9F65141C010554008A6F62 /* Debug */,
				2E9F65151C010554008A6F62 /* Release */,
			);
			defaultConfigurationIsVisible = 0;
			defaultConfigurationName = Release;
		};
		CAD0E7801BFCB72900B5DCA9 /* Build configuration list for PBXNativeTarget "ObjectiveC" */ = {
			isa = XCConfigurationList;
			buildConfigurations = (
				CAD0E77E1BFCB72900B5DCA9 /* Debug */,
				CAD0E77F1BFCB72900B5DCA9 /* Release */,
			);
			defaultConfigurationIsVisible = 0;
			defaultConfigurationName = Release;
		};
		EC96D8671BA83CD1008C8F6F /* Build configuration list for PBXProject "MacCourse" */ = {
			isa = XCConfigurationList;
			buildConfigurations = (
				EC96D8711BA83CD1008C8F6F /* Debug */,
				EC96D8721BA83CD1008C8F6F /* Release */,
			);
			defaultConfigurationIsVisible = 0;
			defaultConfigurationName = Release;
		};
		EC96D8731BA83CD1008C8F6F /* Build configuration list for PBXNativeTarget "MacCourse" */ = {
			isa = XCConfigurationList;
			buildConfigurations = (
				EC96D8741BA83CD1008C8F6F /* Debug */,
				EC96D8751BA83CD1008C8F6F /* Release */,
			);
			defaultConfigurationIsVisible = 0;
			defaultConfigurationName = Release;
		};
/* End XCConfigurationList section */
	};
	rootObject = EC96D8641BA83CD1008C8F6F /* Project object */;
}
