// !$*UTF8*$!
{
	archiveVersion = 1;
	classes = {
	};
	objectVersion = 46;
	objects = {

/* Begin PBXBuildFile section */
		2E48CE5B1BD1429D00B58272 /* SAPObject.c in Sources */ = {isa = PBXBuildFile; fileRef = 2E48CE591BD1429D00B58272 /* SAPObject.c */; };
		2E48CE611BD98FA000B58272 /* SAPArray.c in Sources */ = {isa = PBXBuildFile; fileRef = 2E48CE5D1BD989A000B58272 /* SAPArray.c */; };
		2E5E1F071BC5BF77005A1550 /* SAPHumanTests.c in Sources */ = {isa = PBXBuildFile; fileRef = 2E5E1F051BC5BF77005A1550 /* SAPHumanTests.c */; };
		2E6B89181BC19C5F00B0C256 /* SAPHuman.c in Sources */ = {isa = PBXBuildFile; fileRef = 2E6B89161BC19C5F00B0C256 /* SAPHuman.c */; };
		2E9CB66F1BDBF4AB00AF689D /* SAPDynamicArray.c in Sources */ = {isa = PBXBuildFile; fileRef = 2E9CB66D1BDBF4AB00AF689D /* SAPDynamicArray.c */; };
		2E9CB6731BDC068C00AF689D /* SAPDynamicArrayTest.c in Sources */ = {isa = PBXBuildFile; fileRef = 2E9CB6711BDC068C00AF689D /* SAPDynamicArrayTest.c */; };
		2E9CB6771BDC586E00AF689D /* SAPLinkedListTest.c in Sources */ = {isa = PBXBuildFile; fileRef = 2E9CB6751BDC586E00AF689D /* SAPLinkedListTest.c */; };
		2E9CB67B1BEFC8A200AF689D /* SAPLinkedListEnumerator.c in Sources */ = {isa = PBXBuildFile; fileRef = 2E9CB6791BEFC8A200AF689D /* SAPLinkedListEnumerator.c */; };
		9FE90DF31BDA95DB0062EF46 /* SAPArrayTest.c in Sources */ = {isa = PBXBuildFile; fileRef = 9FE90DF11BDA95DB0062EF46 /* SAPArrayTest.c */; };
		CA35AB6B1BD8D84400D558C6 /* SAPStringTest.c in Sources */ = {isa = PBXBuildFile; fileRef = CA35AB691BD8D84400D558C6 /* SAPStringTest.c */; };
		CAA266991BF48E1000F4FF84 /* SAPAutoReleasingStack in Sources */ = {isa = PBXBuildFile; fileRef = CAA266971BF48E1000F4FF84 /* SAPAutoReleasingStack */; settings = {ASSET_TAGS = (); }; };
		CAA2669E1BF49B0F00F4FF84 /* SAPAutoreleasingStack.c in Sources */ = {isa = PBXBuildFile; fileRef = CAA2669C1BF49B0F00F4FF84 /* SAPAutoreleasingStack.c */; settings = {ASSET_TAGS = (); }; };
		CAA266A21BF4FD0600F4FF84 /* SAPAutoReleasingStackTests.c in Sources */ = {isa = PBXBuildFile; fileRef = CAA266A01BF4FD0600F4FF84 /* SAPAutoReleasingStackTests.c */; settings = {ASSET_TAGS = (); }; };
		CAA77BE61BECE468009C004C /* SAPLinkedList.c in Sources */ = {isa = PBXBuildFile; fileRef = CAA77BE41BECE468009C004C /* SAPLinkedList.c */; };
		CAA77BE91BECE480009C004C /* SAPLinkedListNode.c in Sources */ = {isa = PBXBuildFile; fileRef = CAA77BE71BECE480009C004C /* SAPLinkedListNode.c */; };
		CAD0E77D1BFCB72900B5DCA9 /* main.m in Sources */ = {isa = PBXBuildFile; fileRef = CAD0E77C1BFCB72900B5DCA9 /* main.m */; };
		CAD0E7871BFCC4CB00B5DCA9 /* SAPCreature.m in Sources */ = {isa = PBXBuildFile; fileRef = CAD0E7861BFCC4CB00B5DCA9 /* SAPCreature.m */; settings = {ASSET_TAGS = (); }; };
		CAD0E78A1BFDC77400B5DCA9 /* SAPCreatureTests.m in Sources */ = {isa = PBXBuildFile; fileRef = CAD0E7891BFDC77400B5DCA9 /* SAPCreatureTests.m */; settings = {ASSET_TAGS = (); }; };
		CAD9F3D71BFE27B900F80248 /* SAPMan.m in Sources */ = {isa = PBXBuildFile; fileRef = CAD9F3D61BFE27B900F80248 /* SAPMan.m */; settings = {ASSET_TAGS = (); }; };
		CAD9F3DA1BFE27CB00F80248 /* SAPWoman.m in Sources */ = {isa = PBXBuildFile; fileRef = CAD9F3D91BFE27CB00F80248 /* SAPWoman.m */; settings = {ASSET_TAGS = (); }; };
		CAD9F3E41C04B4F400F80248 /* SAPStringAdditions.m in Sources */ = {isa = PBXBuildFile; fileRef = CAD9F3E31C04B4F400F80248 /* SAPStringAdditions.m */; settings = {ASSET_TAGS = (); }; };
		CADDBAD51BD78BFD007924A9 /* SAPString.c in Sources */ = {isa = PBXBuildFile; fileRef = CADDBAD31BD78BFD007924A9 /* SAPString.c */; };
		EC5B712E1BB19E9A00FB8D06 /* SAPRunFunctionCreateMacros.c in Sources */ = {isa = PBXBuildFile; fileRef = EC5B712C1BB19E7D00FB8D06 /* SAPRunFunctionCreateMacros.c */; };
		EC5B71361BB3EE1700FB8D06 /* SAPStructuresTest.c in Sources */ = {isa = PBXBuildFile; fileRef = EC5B71341BB3EE1700FB8D06 /* SAPStructuresTest.c */; };
		EC5B71391BB420C600FB8D06 /* SAPBinaryData.c in Sources */ = {isa = PBXBuildFile; fileRef = EC5B71371BB420C600FB8D06 /* SAPBinaryData.c */; };
		EC5B713C1BB837A600FB8D06 /* SAPBinaryTest.c in Sources */ = {isa = PBXBuildFile; fileRef = EC5B713A1BB837A600FB8D06 /* SAPBinaryTest.c */; };
		ECCFECF21BAAB27C00E19EBF /* SAPLesson1Tests.c in Sources */ = {isa = PBXBuildFile; fileRef = ECCFECF01BAAB27C00E19EBF /* SAPLesson1Tests.c */; };
		ECCFECF51BAAB34900E19EBF /* SAPPrintTypeSize.c in Sources */ = {isa = PBXBuildFile; fileRef = ECCFECF31BAAB34900E19EBF /* SAPPrintTypeSize.c */; };
		ECCFECF81BAAB79100E19EBF /* main.c in Sources */ = {isa = PBXBuildFile; fileRef = ECCFECF71BAAB79100E19EBF /* main.c */; };
		ECCFECFC1BAAC17400E19EBF /* SAPMamaOrPapa.c in Sources */ = {isa = PBXBuildFile; fileRef = ECCFECFA1BAAC17400E19EBF /* SAPMamaOrPapa.c */; };
/* End PBXBuildFile section */

/* Begin PBXCopyFilesBuildPhase section */
		CAD0E7781BFCB72900B5DCA9 /* CopyFiles */ = {
			isa = PBXCopyFilesBuildPhase;
			buildActionMask = 2147483647;
			dstPath = /usr/share/man/man1/;
			dstSubfolderSpec = 0;
			files = (
			);
			runOnlyForDeploymentPostprocessing = 1;
		};
		EC96D86A1BA83CD1008C8F6F /* CopyFiles */ = {
			isa = PBXCopyFilesBuildPhase;
			buildActionMask = 2147483647;
			dstPath = /usr/share/man/man1/;
			dstSubfolderSpec = 0;
			files = (
			);
			runOnlyForDeploymentPostprocessing = 1;
		};
/* End PBXCopyFilesBuildPhase section */

/* Begin PBXFileReference section */
		2E48CE591BD1429D00B58272 /* SAPObject.c */ = {isa = PBXFileReference; fileEncoding = 4; lastKnownFileType = sourcecode.c.c; path = SAPObject.c; sourceTree = "<group>"; };
		2E48CE5A1BD1429D00B58272 /* SAPObject.h */ = {isa = PBXFileReference; fileEncoding = 4; lastKnownFileType = sourcecode.c.h; path = SAPObject.h; sourceTree = "<group>"; };
		2E48CE5D1BD989A000B58272 /* SAPArray.c */ = {isa = PBXFileReference; lastKnownFileType = sourcecode.c.c; lineEnding = 0; path = SAPArray.c; sourceTree = "<group>"; xcLanguageSpecificationIdentifier = xcode.lang.c; };
		2E48CE5E1BD989A000B58272 /* SAPArray.h */ = {isa = PBXFileReference; lastKnownFileType = sourcecode.c.h; lineEnding = 0; path = SAPArray.h; sourceTree = "<group>"; xcLanguageSpecificationIdentifier = xcode.lang.objcpp; };
		2E48CE601BD98AB000B58272 /* SAPMacro.h */ = {isa = PBXFileReference; lastKnownFileType = sourcecode.c.h; path = SAPMacro.h; sourceTree = "<group>"; };
		2E5E1F051BC5BF77005A1550 /* SAPHumanTests.c */ = {isa = PBXFileReference; fileEncoding = 4; lastKnownFileType = sourcecode.c.c; lineEnding = 0; path = SAPHumanTests.c; sourceTree = "<group>"; xcLanguageSpecificationIdentifier = xcode.lang.c; };
		2E5E1F061BC5BF77005A1550 /* SAPHumanTests.h */ = {isa = PBXFileReference; fileEncoding = 4; lastKnownFileType = sourcecode.c.h; path = SAPHumanTests.h; sourceTree = "<group>"; };
		2E6B89161BC19C5F00B0C256 /* SAPHuman.c */ = {isa = PBXFileReference; fileEncoding = 4; lastKnownFileType = sourcecode.c.c; name = SAPHuman.c; path = SAPL05Human/SAPHuman.c; sourceTree = "<group>"; };
		2E6B89171BC19C5F00B0C256 /* SAPHuman.h */ = {isa = PBXFileReference; fileEncoding = 4; lastKnownFileType = sourcecode.c.h; name = SAPHuman.h; path = SAPL05Human/SAPHuman.h; sourceTree = "<group>"; };
		2E9CB66D1BDBF4AB00AF689D /* SAPDynamicArray.c */ = {isa = PBXFileReference; fileEncoding = 4; lastKnownFileType = sourcecode.c.c; lineEnding = 0; path = SAPDynamicArray.c; sourceTree = "<group>"; xcLanguageSpecificationIdentifier = xcode.lang.c; };
		2E9CB66E1BDBF4AB00AF689D /* SAPDynamicArray.h */ = {isa = PBXFileReference; fileEncoding = 4; lastKnownFileType = sourcecode.c.h; lineEnding = 0; path = SAPDynamicArray.h; sourceTree = "<group>"; xcLanguageSpecificationIdentifier = xcode.lang.objcpp; };
		2E9CB6711BDC068C00AF689D /* SAPDynamicArrayTest.c */ = {isa = PBXFileReference; fileEncoding = 4; lastKnownFileType = sourcecode.c.c; path = SAPDynamicArrayTest.c; sourceTree = "<group>"; };
		2E9CB6721BDC068C00AF689D /* SAPDynamicArrayTest.h */ = {isa = PBXFileReference; fileEncoding = 4; lastKnownFileType = sourcecode.c.h; path = SAPDynamicArrayTest.h; sourceTree = "<group>"; };
		2E9CB6751BDC586E00AF689D /* SAPLinkedListTest.c */ = {isa = PBXFileReference; fileEncoding = 4; lastKnownFileType = sourcecode.c.c; path = SAPLinkedListTest.c; sourceTree = "<group>"; };
		2E9CB6761BDC586E00AF689D /* SAPLinkedListTest.h */ = {isa = PBXFileReference; fileEncoding = 4; lastKnownFileType = sourcecode.c.h; path = SAPLinkedListTest.h; sourceTree = "<group>"; };
		2E9CB6791BEFC8A200AF689D /* SAPLinkedListEnumerator.c */ = {isa = PBXFileReference; fileEncoding = 4; lastKnownFileType = sourcecode.c.c; path = SAPLinkedListEnumerator.c; sourceTree = "<group>"; };
		2E9CB67A1BEFC8A200AF689D /* SAPLinkedListEnumerator.h */ = {isa = PBXFileReference; fileEncoding = 4; lastKnownFileType = sourcecode.c.h; path = SAPLinkedListEnumerator.h; sourceTree = "<group>"; };
		9FE90DF11BDA95DB0062EF46 /* SAPArrayTest.c */ = {isa = PBXFileReference; fileEncoding = 4; lastKnownFileType = sourcecode.c.c; path = SAPArrayTest.c; sourceTree = "<group>"; };
		9FE90DF21BDA95DB0062EF46 /* SAPArrayTest.h */ = {isa = PBXFileReference; fileEncoding = 4; lastKnownFileType = sourcecode.c.h; path = SAPArrayTest.h; sourceTree = "<group>"; };
		CA35AB691BD8D84400D558C6 /* SAPStringTest.c */ = {isa = PBXFileReference; fileEncoding = 4; lastKnownFileType = sourcecode.c.c; path = SAPStringTest.c; sourceTree = "<group>"; };
		CA35AB6A1BD8D84400D558C6 /* SAPStringTest.h */ = {isa = PBXFileReference; fileEncoding = 4; lastKnownFileType = sourcecode.c.h; path = SAPStringTest.h; sourceTree = "<group>"; };
		CAA266971BF48E1000F4FF84 /* SAPAutoReleasingStack */ = {isa = PBXFileReference; fileEncoding = 4; lastKnownFileType = folder; name = SAPAutoReleasingStack; path = /Users/yosemiteretail/IDAP_CollegeRepo/MacCourse/SAPMacCourse/tests/SAPAutoReleasingStack; sourceTree = "<absolute>"; };
		CAA2669C1BF49B0F00F4FF84 /* SAPAutoreleasingStack.c */ = {isa = PBXFileReference; fileEncoding = 4; lastKnownFileType = sourcecode.c.c; path = SAPAutoreleasingStack.c; sourceTree = "<group>"; };
		CAA2669D1BF49B0F00F4FF84 /* SAPAutoreleasingStack.h */ = {isa = PBXFileReference; fileEncoding = 4; lastKnownFileType = sourcecode.c.h; path = SAPAutoreleasingStack.h; sourceTree = "<group>"; };
		CAA266A01BF4FD0600F4FF84 /* SAPAutoReleasingStackTests.c */ = {isa = PBXFileReference; fileEncoding = 4; lastKnownFileType = sourcecode.c.c; path = SAPAutoReleasingStackTests.c; sourceTree = "<group>"; };
		CAA266A11BF4FD0600F4FF84 /* SAPAutoReleasingStackTests.h */ = {isa = PBXFileReference; fileEncoding = 4; lastKnownFileType = sourcecode.c.h; path = SAPAutoReleasingStackTests.h; sourceTree = "<group>"; };
		CAA77BE41BECE468009C004C /* SAPLinkedList.c */ = {isa = PBXFileReference; fileEncoding = 4; lastKnownFileType = sourcecode.c.c; lineEnding = 0; name = SAPLinkedList.c; path = SAPLinkedListNode/SAPLinkedList.c; sourceTree = "<group>"; xcLanguageSpecificationIdentifier = xcode.lang.c; };
		CAA77BE51BECE468009C004C /* SAPLinkedList.h */ = {isa = PBXFileReference; fileEncoding = 4; lastKnownFileType = sourcecode.c.h; lineEnding = 0; name = SAPLinkedList.h; path = SAPLinkedListNode/SAPLinkedList.h; sourceTree = "<group>"; xcLanguageSpecificationIdentifier = xcode.lang.objcpp; };
		CAA77BE71BECE480009C004C /* SAPLinkedListNode.c */ = {isa = PBXFileReference; fileEncoding = 4; lastKnownFileType = sourcecode.c.c; lineEnding = 0; path = SAPLinkedListNode.c; sourceTree = "<group>"; xcLanguageSpecificationIdentifier = xcode.lang.c; };
		CAA77BE81BECE480009C004C /* SAPLinkedListNode.h */ = {isa = PBXFileReference; fileEncoding = 4; lastKnownFileType = sourcecode.c.h; lineEnding = 0; path = SAPLinkedListNode.h; sourceTree = "<group>"; xcLanguageSpecificationIdentifier = xcode.lang.objcpp; };
		CAA77BEA1BED0C3B009C004C /* SAPLinkedListPrivate.h */ = {isa = PBXFileReference; fileEncoding = 4; lastKnownFileType = sourcecode.c.h; path = SAPLinkedListPrivate.h; sourceTree = "<group>"; };
		CAA77BEB1BF24A40009C004C /* SAPLinkedListEnumeratorPrivate.h */ = {isa = PBXFileReference; lastKnownFileType = sourcecode.c.h; path = SAPLinkedListEnumeratorPrivate.h; sourceTree = "<group>"; };
		CAD0E77A1BFCB72900B5DCA9 /* ObjectiveC */ = {isa = PBXFileReference; explicitFileType = "compiled.mach-o.executable"; includeInIndex = 0; path = ObjectiveC; sourceTree = BUILT_PRODUCTS_DIR; };
		CAD0E77C1BFCB72900B5DCA9 /* main.m */ = {isa = PBXFileReference; lastKnownFileType = sourcecode.c.objc; path = main.m; sourceTree = "<group>"; };
		CAD0E7851BFCC4CB00B5DCA9 /* SAPCreature.h */ = {isa = PBXFileReference; fileEncoding = 4; lastKnownFileType = sourcecode.c.h; path = SAPCreature.h; sourceTree = "<group>"; };
		CAD0E7861BFCC4CB00B5DCA9 /* SAPCreature.m */ = {isa = PBXFileReference; fileEncoding = 4; lastKnownFileType = sourcecode.c.objc; path = SAPCreature.m; sourceTree = "<group>"; };
		CAD0E7881BFDC77400B5DCA9 /* SAPCreatureTests.h */ = {isa = PBXFileReference; fileEncoding = 4; lastKnownFileType = sourcecode.c.h; path = SAPCreatureTests.h; sourceTree = "<group>"; };
		CAD0E7891BFDC77400B5DCA9 /* SAPCreatureTests.m */ = {isa = PBXFileReference; fileEncoding = 4; lastKnownFileType = sourcecode.c.objc; path = SAPCreatureTests.m; sourceTree = "<group>"; };
		CAD9F3D51BFE27B900F80248 /* SAPMan.h */ = {isa = PBXFileReference; fileEncoding = 4; lastKnownFileType = sourcecode.c.h; path = SAPMan.h; sourceTree = "<group>"; };
		CAD9F3D61BFE27B900F80248 /* SAPMan.m */ = {isa = PBXFileReference; fileEncoding = 4; lastKnownFileType = sourcecode.c.objc; path = SAPMan.m; sourceTree = "<group>"; };
		CAD9F3D81BFE27CB00F80248 /* SAPWoman.h */ = {isa = PBXFileReference; fileEncoding = 4; lastKnownFileType = sourcecode.c.h; path = SAPWoman.h; sourceTree = "<group>"; };
		CAD9F3D91BFE27CB00F80248 /* SAPWoman.m */ = {isa = PBXFileReference; fileEncoding = 4; lastKnownFileType = sourcecode.c.objc; path = SAPWoman.m; sourceTree = "<group>"; };
		CAD9F3E21C04B4F400F80248 /* SAPStringAdditions.h */ = {isa = PBXFileReference; fileEncoding = 4; lastKnownFileType = sourcecode.c.h; path = SAPStringAdditions.h; sourceTree = "<group>"; };
		CAD9F3E31C04B4F400F80248 /* SAPStringAdditions.m */ = {isa = PBXFileReference; fileEncoding = 4; lastKnownFileType = sourcecode.c.objc; path = SAPStringAdditions.m; sourceTree = "<group>"; };
		CADDBAD31BD78BFD007924A9 /* SAPString.c */ = {isa = PBXFileReference; fileEncoding = 4; lastKnownFileType = sourcecode.c.c; path = SAPString.c; sourceTree = "<group>"; };
		CADDBAD41BD78BFD007924A9 /* SAPString.h */ = {isa = PBXFileReference; fileEncoding = 4; lastKnownFileType = sourcecode.c.h; path = SAPString.h; sourceTree = "<group>"; };
		EC5B71281BB1991600FB8D06 /* SAPFunctionCreationMacros.h */ = {isa = PBXFileReference; fileEncoding = 4; lastKnownFileType = sourcecode.c.h; path = SAPFunctionCreationMacros.h; sourceTree = "<group>"; };
		EC5B712C1BB19E7D00FB8D06 /* SAPRunFunctionCreateMacros.c */ = {isa = PBXFileReference; lastKnownFileType = sourcecode.c.c; path = SAPRunFunctionCreateMacros.c; sourceTree = "<group>"; };
		EC5B712D1BB19E7D00FB8D06 /* SAPRunFunctionCreateMacros.h */ = {isa = PBXFileReference; lastKnownFileType = sourcecode.c.h; path = SAPRunFunctionCreateMacros.h; sourceTree = "<group>"; };
		EC5B71311BB3E71F00FB8D06 /* SAPStructures.h */ = {isa = PBXFileReference; fileEncoding = 4; lastKnownFileType = sourcecode.c.h; path = SAPStructures.h; sourceTree = "<group>"; };
		EC5B71341BB3EE1700FB8D06 /* SAPStructuresTest.c */ = {isa = PBXFileReference; fileEncoding = 4; lastKnownFileType = sourcecode.c.c; path = SAPStructuresTest.c; sourceTree = "<group>"; };
		EC5B71351BB3EE1700FB8D06 /* SAPStructuresTest.h */ = {isa = PBXFileReference; fileEncoding = 4; lastKnownFileType = sourcecode.c.h; path = SAPStructuresTest.h; sourceTree = "<group>"; };
		EC5B71371BB420C600FB8D06 /* SAPBinaryData.c */ = {isa = PBXFileReference; fileEncoding = 4; lastKnownFileType = sourcecode.c.c; path = SAPBinaryData.c; sourceTree = "<group>"; };
		EC5B71381BB420C600FB8D06 /* SAPBinaryData.h */ = {isa = PBXFileReference; fileEncoding = 4; lastKnownFileType = sourcecode.c.h; path = SAPBinaryData.h; sourceTree = "<group>"; };
		EC5B713A1BB837A600FB8D06 /* SAPBinaryTest.c */ = {isa = PBXFileReference; fileEncoding = 4; lastKnownFileType = sourcecode.c.c; path = SAPBinaryTest.c; sourceTree = "<group>"; };
		EC5B713B1BB837A600FB8D06 /* SAPBinaryTest.h */ = {isa = PBXFileReference; fileEncoding = 4; lastKnownFileType = sourcecode.c.h; path = SAPBinaryTest.h; sourceTree = "<group>"; };
		EC96D86C1BA83CD1008C8F6F /* MacCourse */ = {isa = PBXFileReference; explicitFileType = "compiled.mach-o.executable"; includeInIndex = 0; path = MacCourse; sourceTree = BUILT_PRODUCTS_DIR; };
		ECCFECF01BAAB27C00E19EBF /* SAPLesson1Tests.c */ = {isa = PBXFileReference; fileEncoding = 4; lastKnownFileType = sourcecode.c.c; name = SAPLesson1Tests.c; path = SAPMacCourse/tests/SAPL01DataTypes/SAPLesson1Tests.c; sourceTree = SOURCE_ROOT; };
		ECCFECF11BAAB27C00E19EBF /* SAPLesson1Tests.h */ = {isa = PBXFileReference; fileEncoding = 4; lastKnownFileType = sourcecode.c.h; name = SAPLesson1Tests.h; path = SAPMacCourse/tests/SAPL01DataTypes/SAPLesson1Tests.h; sourceTree = SOURCE_ROOT; };
		ECCFECF31BAAB34900E19EBF /* SAPPrintTypeSize.c */ = {isa = PBXFileReference; fileEncoding = 4; lastKnownFileType = sourcecode.c.c; name = SAPPrintTypeSize.c; path = SAPMacCourse/sources/SAPL01DataTypes/SAPPrintTypeSize.c; sourceTree = SOURCE_ROOT; };
		ECCFECF41BAAB34900E19EBF /* SAPPrintTypeSize.h */ = {isa = PBXFileReference; fileEncoding = 4; lastKnownFileType = sourcecode.c.h; name = SAPPrintTypeSize.h; path = SAPMacCourse/sources/SAPL01DataTypes/SAPPrintTypeSize.h; sourceTree = SOURCE_ROOT; };
		ECCFECF71BAAB79100E19EBF /* main.c */ = {isa = PBXFileReference; fileEncoding = 4; lastKnownFileType = sourcecode.c.c; name = main.c; path = SAPL01DataTypes/main.c; sourceTree = "<group>"; };
		ECCFECFA1BAAC17400E19EBF /* SAPMamaOrPapa.c */ = {isa = PBXFileReference; fileEncoding = 4; lastKnownFileType = sourcecode.c.c; path = SAPMamaOrPapa.c; sourceTree = "<group>"; };
		ECCFECFB1BAAC17400E19EBF /* SAPMamaOrPapa.h */ = {isa = PBXFileReference; fileEncoding = 4; lastKnownFileType = sourcecode.c.h; path = SAPMamaOrPapa.h; sourceTree = "<group>"; };
/* End PBXFileReference section */

/* Begin PBXFrameworksBuildPhase section */
		CAD0E7771BFCB72900B5DCA9 /* Frameworks */ = {
			isa = PBXFrameworksBuildPhase;
			buildActionMask = 2147483647;
			files = (
			);
			runOnlyForDeploymentPostprocessing = 0;
		};
		EC96D8691BA83CD1008C8F6F /* Frameworks */ = {
			isa = PBXFrameworksBuildPhase;
			buildActionMask = 2147483647;
			files = (
			);
			runOnlyForDeploymentPostprocessing = 0;
		};
/* End PBXFrameworksBuildPhase section */

/* Begin PBXGroup section */
		2E48CE581BD1425E00B58272 /* SAPObject */ = {
			isa = PBXGroup;
			children = (
				2E48CE591BD1429D00B58272 /* SAPObject.c */,
				2E48CE5A1BD1429D00B58272 /* SAPObject.h */,
			);
			path = SAPObject;
			sourceTree = "<group>";
		};
		2E48CE5C1BD989A000B58272 /* SAPArray */ = {
			isa = PBXGroup;
			children = (
				2E48CE5D1BD989A000B58272 /* SAPArray.c */,
				2E48CE5E1BD989A000B58272 /* SAPArray.h */,
			);
			name = SAPArray;
			path = SAPMacCourse/sources/SAPArray;
			sourceTree = SOURCE_ROOT;
		};
		2E48CE5F1BD98A1B00B58272 /* SAPArray */ = {
			isa = PBXGroup;
			children = (
				9FE90DF11BDA95DB0062EF46 /* SAPArrayTest.c */,
				9FE90DF21BDA95DB0062EF46 /* SAPArrayTest.h */,
			);
			path = SAPArray;
			sourceTree = "<group>";
		};
		2E5E1F041BC5BF4F005A1550 /* SAP05Human */ = {
			isa = PBXGroup;
			children = (
				2E5E1F051BC5BF77005A1550 /* SAPHumanTests.c */,
				2E5E1F061BC5BF77005A1550 /* SAPHumanTests.h */,
			);
			path = SAP05Human;
			sourceTree = "<group>";
		};
		2E6B89151BC19B7900B0C256 /* SAPL05Human */ = {
			isa = PBXGroup;
			children = (
				2E6B89161BC19C5F00B0C256 /* SAPHuman.c */,
				2E6B89171BC19C5F00B0C256 /* SAPHuman.h */,
			);
			name = SAPL05Human;
			sourceTree = "<group>";
		};
		2E9CB66C1BDBF17B00AF689D /* SAPDynamicArray */ = {
			isa = PBXGroup;
			children = (
				2E9CB66D1BDBF4AB00AF689D /* SAPDynamicArray.c */,
				2E9CB66E1BDBF4AB00AF689D /* SAPDynamicArray.h */,
			);
			path = SAPDynamicArray;
			sourceTree = "<group>";
		};
		2E9CB6701BDC066100AF689D /* SAPDynamicArray */ = {
			isa = PBXGroup;
			children = (
				2E9CB6711BDC068C00AF689D /* SAPDynamicArrayTest.c */,
				2E9CB6721BDC068C00AF689D /* SAPDynamicArrayTest.h */,
			);
			path = SAPDynamicArray;
			sourceTree = "<group>";
		};
		2E9CB6741BDC582D00AF689D /* SAPLinkedList */ = {
			isa = PBXGroup;
			children = (
				2E9CB6751BDC586E00AF689D /* SAPLinkedListTest.c */,
				2E9CB6761BDC586E00AF689D /* SAPLinkedListTest.h */,
			);
			path = SAPLinkedList;
			sourceTree = "<group>";
		};
		2E9CB6781BEFC83D00AF689D /* SAPLinkedListEnumerator */ = {
			isa = PBXGroup;
			children = (
				2E9CB6791BEFC8A200AF689D /* SAPLinkedListEnumerator.c */,
				2E9CB67A1BEFC8A200AF689D /* SAPLinkedListEnumerator.h */,
				CAA77BEB1BF24A40009C004C /* SAPLinkedListEnumeratorPrivate.h */,
			);
			path = SAPLinkedListEnumerator;
			sourceTree = "<group>";
		};
		CA35AB681BD8D82800D558C6 /* SAPString */ = {
			isa = PBXGroup;
			children = (
				CA35AB691BD8D84400D558C6 /* SAPStringTest.c */,
				CA35AB6A1BD8D84400D558C6 /* SAPStringTest.h */,
			);
			path = SAPString;
			sourceTree = "<group>";
		};
		CAA2669A1BF49AED00F4FF84 /* SAPAutoreleasingPool */ = {
			isa = PBXGroup;
			children = (
				CAA2669B1BF49AED00F4FF84 /* SAPAutoreleasingStack */,
			);
			path = SAPAutoreleasingPool;
			sourceTree = "<group>";
		};
		CAA2669B1BF49AED00F4FF84 /* SAPAutoreleasingStack */ = {
			isa = PBXGroup;
			children = (
				CAA2669C1BF49B0F00F4FF84 /* SAPAutoreleasingStack.c */,
				CAA2669D1BF49B0F00F4FF84 /* SAPAutoreleasingStack.h */,
			);
			path = SAPAutoreleasingStack;
			sourceTree = "<group>";
		};
		CAA2669F1BF4FD0600F4FF84 /* SAPAutoReleasingStack */ = {
			isa = PBXGroup;
			children = (
				CAA266A01BF4FD0600F4FF84 /* SAPAutoReleasingStackTests.c */,
				CAA266A11BF4FD0600F4FF84 /* SAPAutoReleasingStackTests.h */,
			);
			path = SAPAutoReleasingStack;
			sourceTree = "<group>";
		};
		CAA77BE21BECE43A009C004C /* SAPLinkedList */ = {
			isa = PBXGroup;
			children = (
				2E9CB6781BEFC83D00AF689D /* SAPLinkedListEnumerator */,
				CAA77BE31BECE43A009C004C /* SAPLinkedListNode */,
				CAA77BE41BECE468009C004C /* SAPLinkedList.c */,
				CAA77BE51BECE468009C004C /* SAPLinkedList.h */,
				CAA77BEA1BED0C3B009C004C /* SAPLinkedListPrivate.h */,
			);
			path = SAPLinkedList;
			sourceTree = "<group>";
		};
		CAA77BE31BECE43A009C004C /* SAPLinkedListNode */ = {
			isa = PBXGroup;
			children = (
				CAA77BE71BECE480009C004C /* SAPLinkedListNode.c */,
				CAA77BE81BECE480009C004C /* SAPLinkedListNode.h */,
			);
			path = SAPLinkedListNode;
			sourceTree = "<group>";
		};
		CAD0E77B1BFCB72900B5DCA9 /* ObjectiveC */ = {
			isa = PBXGroup;
			children = (
				CAD0E7811BFCC3E400B5DCA9 /* sources */,
				CAD0E7831BFCC3E400B5DCA9 /* tests */,
				CAD0E77C1BFCB72900B5DCA9 /* main.m */,
			);
			path = ObjectiveC;
			sourceTree = "<group>";
		};
		CAD0E7811BFCC3E400B5DCA9 /* sources */ = {
			isa = PBXGroup;
			children = (
				CAD0E7821BFCC3E400B5DCA9 /* SAPCreature */,
				CAD9F3D31BFE277100F80248 /* SAPMan */,
				CAD9F3D41BFE278500F80248 /* SAPWoman */,
				CAD9F3DE1C04B43800F80248 /* SAPStringAdditions */,
			);
			path = sources;
			sourceTree = "<group>";
		};
		CAD0E7821BFCC3E400B5DCA9 /* SAPCreature */ = {
			isa = PBXGroup;
			children = (
				CAD0E7851BFCC4CB00B5DCA9 /* SAPCreature.h */,
				CAD0E7861BFCC4CB00B5DCA9 /* SAPCreature.m */,
			);
			path = SAPCreature;
			sourceTree = "<group>";
		};
		CAD0E7831BFCC3E400B5DCA9 /* tests */ = {
			isa = PBXGroup;
			children = (
				CAD0E7841BFCC3E400B5DCA9 /* SAPCreatureTests */,
			);
			path = tests;
			sourceTree = "<group>";
		};
		CAD0E7841BFCC3E400B5DCA9 /* SAPCreatureTests */ = {
			isa = PBXGroup;
			children = (
				CAD0E7881BFDC77400B5DCA9 /* SAPCreatureTests.h */,
				CAD0E7891BFDC77400B5DCA9 /* SAPCreatureTests.m */,
			);
			path = SAPCreatureTests;
			sourceTree = "<group>";
		};
		CAD9F3D31BFE277100F80248 /* SAPMan */ = {
			isa = PBXGroup;
			children = (
				CAD9F3D51BFE27B900F80248 /* SAPMan.h */,
				CAD9F3D61BFE27B900F80248 /* SAPMan.m */,
			);
			path = SAPMan;
			sourceTree = "<group>";
		};
		CAD9F3D41BFE278500F80248 /* SAPWoman */ = {
			isa = PBXGroup;
			children = (
				CAD9F3D81BFE27CB00F80248 /* SAPWoman.h */,
				CAD9F3D91BFE27CB00F80248 /* SAPWoman.m */,
			);
			path = SAPWoman;
			sourceTree = "<group>";
		};
		CAD9F3DE1C04B43800F80248 /* SAPStringAdditions */ = {
			isa = PBXGroup;
			children = (
				CAD9F3E21C04B4F400F80248 /* SAPStringAdditions.h */,
				CAD9F3E31C04B4F400F80248 /* SAPStringAdditions.m */,
			);
			path = SAPStringAdditions;
			sourceTree = "<group>";
		};
		CADDBAD21BD78B9E007924A9 /* SAPString */ = {
			isa = PBXGroup;
			children = (
				CADDBAD31BD78BFD007924A9 /* SAPString.c */,
				CADDBAD41BD78BFD007924A9 /* SAPString.h */,
			);
			path = SAPString;
			sourceTree = "<group>";
		};
		EC5B71261BB198DC00FB8D06 /* SAPL02FunctionCreationMacros */ = {
			isa = PBXGroup;
			children = (
				EC5B71281BB1991600FB8D06 /* SAPFunctionCreationMacros.h */,
			);
			path = SAPL02FunctionCreationMacros;
			sourceTree = "<group>";
		};
		EC5B712B1BB19E7D00FB8D06 /* SAP02OutputTypeMacros */ = {
			isa = PBXGroup;
			children = (
				EC5B712C1BB19E7D00FB8D06 /* SAPRunFunctionCreateMacros.c */,
				EC5B712D1BB19E7D00FB8D06 /* SAPRunFunctionCreateMacros.h */,
			);
			path = SAP02OutputTypeMacros;
			sourceTree = "<group>";
		};
		EC5B712F1BB3E5B100FB8D06 /* SAPL03StructureAndBinary */ = {
			isa = PBXGroup;
			children = (
				EC5B71311BB3E71F00FB8D06 /* SAPStructures.h */,
				EC5B71371BB420C600FB8D06 /* SAPBinaryData.c */,
				EC5B71381BB420C600FB8D06 /* SAPBinaryData.h */,
			);
			path = SAPL03StructureAndBinary;
			sourceTree = "<group>";
		};
		EC5B71331BB3EDA700FB8D06 /* SAPL03StructureAndBinary */ = {
			isa = PBXGroup;
			children = (
				EC5B71341BB3EE1700FB8D06 /* SAPStructuresTest.c */,
				EC5B71351BB3EE1700FB8D06 /* SAPStructuresTest.h */,
				EC5B713A1BB837A600FB8D06 /* SAPBinaryTest.c */,
				EC5B713B1BB837A600FB8D06 /* SAPBinaryTest.h */,
			);
			path = SAPL03StructureAndBinary;
			sourceTree = "<group>";
		};
		EC96D8631BA83CD1008C8F6F = {
			isa = PBXGroup;
			children = (
				ECCFECEB1BAAAC5A00E19EBF /* sources */,
				ECCFECEC1BAAACAE00E19EBF /* tests */,
				CAD0E77B1BFCB72900B5DCA9 /* ObjectiveC */,
			);
			sourceTree = "<group>";
		};
		EC96D86D1BA83CD1008C8F6F /* Products */ = {
			isa = PBXGroup;
			children = (
				EC96D86C1BA83CD1008C8F6F /* MacCourse */,
				CAD0E77A1BFCB72900B5DCA9 /* ObjectiveC */,
			);
			name = Products;
			path = ../..;
			sourceTree = "<group>";
		};
		ECCFECEB1BAAAC5A00E19EBF /* sources */ = {
			isa = PBXGroup;
			children = (
				ECCFECF71BAAB79100E19EBF /* main.c */,
				ECCFECED1BAAADEB00E19EBF /* SAPL01DataTypes */,
				EC5B71261BB198DC00FB8D06 /* SAPL02FunctionCreationMacros */,
				EC5B712F1BB3E5B100FB8D06 /* SAPL03StructureAndBinary */,
				2E6B89151BC19B7900B0C256 /* SAPL05Human */,
				2E48CE581BD1425E00B58272 /* SAPObject */,
				CADDBAD21BD78B9E007924A9 /* SAPString */,
				2E48CE5C1BD989A000B58272 /* SAPArray */,
				2E9CB66C1BDBF17B00AF689D /* SAPDynamicArray */,
				CAA77BE21BECE43A009C004C /* SAPLinkedList */,
				CAA2669A1BF49AED00F4FF84 /* SAPAutoreleasingPool */,
				2E48CE601BD98AB000B58272 /* SAPMacro.h */,
			);
			name = sources;
			path = SAPMacCourse/sources;
			sourceTree = "<group>";
		};
		ECCFECEC1BAAACAE00E19EBF /* tests */ = {
			isa = PBXGroup;
			children = (
				EC96D86D1BA83CD1008C8F6F /* Products */,
				ECCFECEF1BAAB1D700E19EBF /* SAPL01DataTypes */,
				EC5B712B1BB19E7D00FB8D06 /* SAP02OutputTypeMacros */,
				EC5B71331BB3EDA700FB8D06 /* SAPL03StructureAndBinary */,
				2E5E1F041BC5BF4F005A1550 /* SAP05Human */,
				CA35AB681BD8D82800D558C6 /* SAPString */,
				2E48CE5F1BD98A1B00B58272 /* SAPArray */,
				2E9CB6701BDC066100AF689D /* SAPDynamicArray */,
				2E9CB6741BDC582D00AF689D /* SAPLinkedList */,
				CAA2669F1BF4FD0600F4FF84 /* SAPAutoReleasingStack */,
			);
			name = tests;
			path = SAPMacCourse/tests;
			sourceTree = "<group>";
		};
		ECCFECED1BAAADEB00E19EBF /* SAPL01DataTypes */ = {
			isa = PBXGroup;
			children = (
				ECCFECF31BAAB34900E19EBF /* SAPPrintTypeSize.c */,
				ECCFECF41BAAB34900E19EBF /* SAPPrintTypeSize.h */,
				ECCFECFA1BAAC17400E19EBF /* SAPMamaOrPapa.c */,
				ECCFECFB1BAAC17400E19EBF /* SAPMamaOrPapa.h */,
			);
			path = SAPL01DataTypes;
			sourceTree = "<group>";
		};
		ECCFECEF1BAAB1D700E19EBF /* SAPL01DataTypes */ = {
			isa = PBXGroup;
			children = (
				ECCFECF01BAAB27C00E19EBF /* SAPLesson1Tests.c */,
				ECCFECF11BAAB27C00E19EBF /* SAPLesson1Tests.h */,
			);
			name = SAPL01DataTypes;
			path = SAPMacCourse/tests/SAPL01DataTypes;
			sourceTree = "<group>";
		};
/* End PBXGroup section */

/* Begin PBXNativeTarget section */
		CAD0E7791BFCB72900B5DCA9 /* ObjectiveC */ = {
			isa = PBXNativeTarget;
			buildConfigurationList = CAD0E7801BFCB72900B5DCA9 /* Build configuration list for PBXNativeTarget "ObjectiveC" */;
			buildPhases = (
				CAD0E7761BFCB72900B5DCA9 /* Sources */,
				CAD0E7771BFCB72900B5DCA9 /* Frameworks */,
				CAD0E7781BFCB72900B5DCA9 /* CopyFiles */,
			);
			buildRules = (
			);
			dependencies = (
			);
			name = ObjectiveC;
			productName = ObjectiveC;
			productReference = CAD0E77A1BFCB72900B5DCA9 /* ObjectiveC */;
			productType = "com.apple.product-type.tool";
		};
		EC96D86B1BA83CD1008C8F6F /* MacCourse */ = {
			isa = PBXNativeTarget;
			buildConfigurationList = EC96D8731BA83CD1008C8F6F /* Build configuration list for PBXNativeTarget "MacCourse" */;
			buildPhases = (
				EC96D8681BA83CD1008C8F6F /* Sources */,
				EC96D8691BA83CD1008C8F6F /* Frameworks */,
				EC96D86A1BA83CD1008C8F6F /* CopyFiles */,
			);
			buildRules = (
			);
			dependencies = (
			);
			name = MacCourse;
			productName = MacCourse;
			productReference = EC96D86C1BA83CD1008C8F6F /* MacCourse */;
			productType = "com.apple.product-type.tool";
		};
/* End PBXNativeTarget section */

/* Begin PBXProject section */
		EC96D8641BA83CD1008C8F6F /* Project object */ = {
			isa = PBXProject;
			attributes = {
				LastUpgradeCheck = 0700;
				ORGANIZATIONNAME = "Yosemite Retail";
				TargetAttributes = {
					CAD0E7791BFCB72900B5DCA9 = {
						CreatedOnToolsVersion = 7.0;
					};
					EC96D86B1BA83CD1008C8F6F = {
						CreatedOnToolsVersion = 6.4;
					};
				};
			};
			buildConfigurationList = EC96D8671BA83CD1008C8F6F /* Build configuration list for PBXProject "MacCourse" */;
			compatibilityVersion = "Xcode 3.2";
			developmentRegion = English;
			hasScannedForEncodings = 0;
			knownRegions = (
				en,
			);
			mainGroup = EC96D8631BA83CD1008C8F6F;
			productRefGroup = EC96D86D1BA83CD1008C8F6F /* Products */;
			projectDirPath = "";
			projectRoot = "";
			targets = (
				EC96D86B1BA83CD1008C8F6F /* MacCourse */,
				CAD0E7791BFCB72900B5DCA9 /* ObjectiveC */,
			);
		};
/* End PBXProject section */

/* Begin PBXSourcesBuildPhase section */
		CAD0E7761BFCB72900B5DCA9 /* Sources */ = {
			isa = PBXSourcesBuildPhase;
			buildActionMask = 2147483647;
			files = (
				CAD0E77D1BFCB72900B5DCA9 /* main.m in Sources */,
				CAD9F3E41C04B4F400F80248 /* SAPStringAdditions.m in Sources */,
				CAD0E78A1BFDC77400B5DCA9 /* SAPCreatureTests.m in Sources */,
				CAD0E7871BFCC4CB00B5DCA9 /* SAPCreature.m in Sources */,
				CAD9F3DA1BFE27CB00F80248 /* SAPWoman.m in Sources */,
				CAD9F3D71BFE27B900F80248 /* SAPMan.m in Sources */,
			);
			runOnlyForDeploymentPostprocessing = 0;
		};
		EC96D8681BA83CD1008C8F6F /* Sources */ = {
			isa = PBXSourcesBuildPhase;
			buildActionMask = 2147483647;
			files = (
				ECCFECF51BAAB34900E19EBF /* SAPPrintTypeSize.c in Sources */,
				EC5B71361BB3EE1700FB8D06 /* SAPStructuresTest.c in Sources */,
				EC5B713C1BB837A600FB8D06 /* SAPBinaryTest.c in Sources */,
				2E6B89181BC19C5F00B0C256 /* SAPHuman.c in Sources */,
				ECCFECF21BAAB27C00E19EBF /* SAPLesson1Tests.c in Sources */,
				CAA2669E1BF49B0F00F4FF84 /* SAPAutoreleasingStack.c in Sources */,
				EC5B71391BB420C600FB8D06 /* SAPBinaryData.c in Sources */,
				CAA266991BF48E1000F4FF84 /* SAPAutoReleasingStack in Sources */,
				ECCFECF81BAAB79100E19EBF /* main.c in Sources */,
				CADDBAD51BD78BFD007924A9 /* SAPString.c in Sources */,
				2E9CB67B1BEFC8A200AF689D /* SAPLinkedListEnumerator.c in Sources */,
				2E48CE611BD98FA000B58272 /* SAPArray.c in Sources */,
				2E48CE5B1BD1429D00B58272 /* SAPObject.c in Sources */,
				2E9CB66F1BDBF4AB00AF689D /* SAPDynamicArray.c in Sources */,
				EC5B712E1BB19E9A00FB8D06 /* SAPRunFunctionCreateMacros.c in Sources */,
				ECCFECFC1BAAC17400E19EBF /* SAPMamaOrPapa.c in Sources */,
				2E5E1F071BC5BF77005A1550 /* SAPHumanTests.c in Sources */,
				9FE90DF31BDA95DB0062EF46 /* SAPArrayTest.c in Sources */,
				2E9CB6771BDC586E00AF689D /* SAPLinkedListTest.c in Sources */,
				2E9CB6731BDC068C00AF689D /* SAPDynamicArrayTest.c in Sources */,
				CA35AB6B1BD8D84400D558C6 /* SAPStringTest.c in Sources */,
				CAA266A21BF4FD0600F4FF84 /* SAPAutoReleasingStackTests.c in Sources */,
				CAA77BE91BECE480009C004C /* SAPLinkedListNode.c in Sources */,
				CAA77BE61BECE468009C004C /* SAPLinkedList.c in Sources */,
			);
			runOnlyForDeploymentPostprocessing = 0;
		};
/* End PBXSourcesBuildPhase section */

/* Begin XCBuildConfiguration section */
		CAD0E77E1BFCB72900B5DCA9 /* Debug */ = {
			isa = XCBuildConfiguration;
			buildSettings = {
				CLANG_ENABLE_OBJC_ARC = NO;
				PRODUCT_NAME = "$(TARGET_NAME)";
			};
			name = Debug;
		};
		CAD0E77F1BFCB72900B5DCA9 /* Release */ = {
			isa = XCBuildConfiguration;
			buildSettings = {
				CLANG_ENABLE_OBJC_ARC = NO;
				PRODUCT_NAME = "$(TARGET_NAME)";
			};
			name = Release;
		};
		EC96D8711BA83CD1008C8F6F /* Debug */ = {
			isa = XCBuildConfiguration;
			buildSettings = {
				ALWAYS_SEARCH_USER_PATHS = NO;
				CLANG_CXX_LANGUAGE_STANDARD = "gnu++0x";
				CLANG_CXX_LIBRARY = "libc++";
				CLANG_ENABLE_MODULES = YES;
				CLANG_ENABLE_OBJC_ARC = YES;
				CLANG_WARN_BOOL_CONVERSION = YES;
				CLANG_WARN_CONSTANT_CONVERSION = YES;
				CLANG_WARN_DIRECT_OBJC_ISA_USAGE = YES_ERROR;
				CLANG_WARN_EMPTY_BODY = YES;
				CLANG_WARN_ENUM_CONVERSION = YES;
				CLANG_WARN_INT_CONVERSION = YES;
				CLANG_WARN_OBJC_ROOT_CLASS = YES_ERROR;
				CLANG_WARN_UNREACHABLE_CODE = YES;
				CLANG_WARN__DUPLICATE_METHOD_MATCH = YES;
				COPY_PHASE_STRIP = NO;
				DEBUG_INFORMATION_FORMAT = dwarf;
				ENABLE_STRICT_OBJC_MSGSEND = YES;
				ENABLE_TESTABILITY = YES;
				GCC_C_LANGUAGE_STANDARD = gnu99;
				GCC_DYNAMIC_NO_PIC = NO;
				GCC_NO_COMMON_BLOCKS = YES;
				GCC_OPTIMIZATION_LEVEL = 0;
				GCC_PREPROCESSOR_DEFINITIONS = (
					"DEBUG=1",
					"$(inherited)",
				);
				GCC_SYMBOLS_PRIVATE_EXTERN = NO;
				GCC_WARN_64_TO_32_BIT_CONVERSION = YES;
				GCC_WARN_ABOUT_RETURN_TYPE = YES_ERROR;
				GCC_WARN_UNDECLARED_SELECTOR = YES;
				GCC_WARN_UNINITIALIZED_AUTOS = YES_AGGRESSIVE;
				GCC_WARN_UNUSED_FUNCTION = YES;
				GCC_WARN_UNUSED_VARIABLE = YES;
				MACOSX_DEPLOYMENT_TARGET = 10.10;
				MTL_ENABLE_DEBUG_INFO = YES;
				ONLY_ACTIVE_ARCH = YES;
				SDKROOT = macosx;
			};
			name = Debug;
		};
		EC96D8721BA83CD1008C8F6F /* Release */ = {
			isa = XCBuildConfiguration;
			buildSettings = {
				ALWAYS_SEARCH_USER_PATHS = NO;
				CLANG_CXX_LANGUAGE_STANDARD = "gnu++0x";
				CLANG_CXX_LIBRARY = "libc++";
				CLANG_ENABLE_MODULES = YES;
				CLANG_ENABLE_OBJC_ARC = YES;
				CLANG_WARN_BOOL_CONVERSION = YES;
				CLANG_WARN_CONSTANT_CONVERSION = YES;
				CLANG_WARN_DIRECT_OBJC_ISA_USAGE = YES_ERROR;
				CLANG_WARN_EMPTY_BODY = YES;
				CLANG_WARN_ENUM_CONVERSION = YES;
				CLANG_WARN_INT_CONVERSION = YES;
				CLANG_WARN_OBJC_ROOT_CLASS = YES_ERROR;
				CLANG_WARN_UNREACHABLE_CODE = YES;
				CLANG_WARN__DUPLICATE_METHOD_MATCH = YES;
				COPY_PHASE_STRIP = NO;
				DEBUG_INFORMATION_FORMAT = "dwarf-with-dsym";
				ENABLE_NS_ASSERTIONS = NO;
				ENABLE_STRICT_OBJC_MSGSEND = YES;
				GCC_C_LANGUAGE_STANDARD = gnu99;
				GCC_NO_COMMON_BLOCKS = YES;
				GCC_WARN_64_TO_32_BIT_CONVERSION = YES;
				GCC_WARN_ABOUT_RETURN_TYPE = YES_ERROR;
				GCC_WARN_UNDECLARED_SELECTOR = YES;
				GCC_WARN_UNINITIALIZED_AUTOS = YES_AGGRESSIVE;
				GCC_WARN_UNUSED_FUNCTION = YES;
				GCC_WARN_UNUSED_VARIABLE = YES;
				MACOSX_DEPLOYMENT_TARGET = 10.10;
				MTL_ENABLE_DEBUG_INFO = NO;
				SDKROOT = macosx;
			};
			name = Release;
		};
		EC96D8741BA83CD1008C8F6F /* Debug */ = {
			isa = XCBuildConfiguration;
			buildSettings = {
				PRODUCT_NAME = "$(TARGET_NAME)";
			};
			name = Debug;
		};
		EC96D8751BA83CD1008C8F6F /* Release */ = {
			isa = XCBuildConfiguration;
			buildSettings = {
				PRODUCT_NAME = "$(TARGET_NAME)";
			};
			name = Release;
		};
/* End XCBuildConfiguration section */

/* Begin XCConfigurationList section */
		CAD0E7801BFCB72900B5DCA9 /* Build configuration list for PBXNativeTarget "ObjectiveC" */ = {
			isa = XCConfigurationList;
			buildConfigurations = (
				CAD0E77E1BFCB72900B5DCA9 /* Debug */,
				CAD0E77F1BFCB72900B5DCA9 /* Release */,
			);
			defaultConfigurationIsVisible = 0;
			defaultConfigurationName = Release;
		};
		EC96D8671BA83CD1008C8F6F /* Build configuration list for PBXProject "MacCourse" */ = {
			isa = XCConfigurationList;
			buildConfigurations = (
				EC96D8711BA83CD1008C8F6F /* Debug */,
				EC96D8721BA83CD1008C8F6F /* Release */,
			);
			defaultConfigurationIsVisible = 0;
			defaultConfigurationName = Release;
		};
		EC96D8731BA83CD1008C8F6F /* Build configuration list for PBXNativeTarget "MacCourse" */ = {
			isa = XCConfigurationList;
			buildConfigurations = (
				EC96D8741BA83CD1008C8F6F /* Debug */,
				EC96D8751BA83CD1008C8F6F /* Release */,
			);
			defaultConfigurationIsVisible = 0;
			defaultConfigurationName = Release;
		};
/* End XCConfigurationList section */
	};
	rootObject = EC96D8641BA83CD1008C8F6F /* Project object */;
}
